PODS:
  - ActionKit (2.0)
  - Alamofire (4.4.0)
  - AlamofireSwiftyJSON (0.2.0):
    - Alamofire (~> 4.0)
    - SwiftyJSON (~> 3.1)
  - Charts (3.0.2):
    - Charts/Core (= 3.0.2)
  - Charts/Core (3.0.2)
  - CryptoSwift (0.6.9)
  - ESTabBarController-swift (2.4)
  - Eureka (3.0.0)
  - LocationManagerSwift (1.1.3)
  - MarqueeLabel/Swift (3.0.5)
  - NotificationBannerSwift (1.2.0):
    - MarqueeLabel/Swift
    - SnapKit (~> 3.2.0)
  - PagingMenuController (2.2.0)
  - pop (1.0.9)
  - Realm (2.7.0):
    - Realm/Headers (= 2.7.0)
  - Realm/Headers (2.7.0)
  - RealmSwift (2.7.0):
    - Realm (= 2.7.0)
  - SnapKit (3.2.0)
  - Sparrow/Core (1.0.0)
  - Sparrow/Modules/RequestPermission (1.0.0):
    - Sparrow/Core
  - Spring (1.0.3)
  - SwiftSpinner (1.2.1)
  - SwiftyJSON (3.1.4)

DEPENDENCIES:
  - ActionKit (~> 2.0)
  - Alamofire (~> 4.4)
  - AlamofireSwiftyJSON
  - Charts
  - CryptoSwift
  - ESTabBarController-swift (~> 2.3)
  - Eureka
  - LocationManagerSwift (~> 1.1)
  - NotificationBannerSwift
  - PagingMenuController
  - pop (~> 1.0)
  - RealmSwift (~> 2.6)
  - Sparrow/Modules/RequestPermission (from `https://github.com/IvanVorobei/Sparrow.git`)
  - Spring (from `https://github.com/MengTo/Spring.git`, branch `swift3`)
  - SwiftSpinner
  - SwiftyJSON

EXTERNAL SOURCES:
  Sparrow:
    :git: https://github.com/IvanVorobei/Sparrow.git
  Spring:
    :branch: swift3
    :git: https://github.com/MengTo/Spring.git

CHECKOUT OPTIONS:
  Sparrow:
    :commit: 4a443d26fdb43bf834908afd93d2cd3e38ceb60a
    :git: https://github.com/IvanVorobei/Sparrow.git
  Spring:
    :commit: 8201b5c93bd7ebdf4cd18160bcde1e6e88c2be64
    :git: https://github.com/MengTo/Spring.git

SPEC CHECKSUMS:
  ActionKit: a9ac8aa51b1e404489d4ebdeefb587c112b7669f
  Alamofire: dc44b1600b800eb63da6a19039a0083d62a6a62d
  AlamofireSwiftyJSON: 5a49196b8b061e32f5ebc84fa0815300bd8a974e
  Charts: 236d6ccdd0ce6feae151d89e829a7397381a21fd
  CryptoSwift: a22f6ba238e9ce4d26ee7bf45b9ed82e7122d4a0
  ESTabBarController-swift: af496895039ba10ae60bf825473c45f23fc5c8b6
  Eureka: f36fd440c3ebb7bfea0a4fbe6f16a05f1cb35906
  LocationManagerSwift: b3d520b26788f5c2213bfd6a8699967937a81f58
  MarqueeLabel: 8a25b2cf02cf52165022f01369e63536c58fcc00
  NotificationBannerSwift: 77f96e1c418309600aad70b21247d9b3cbc360e3
  PagingMenuController: 6176618987bb170096664f2da097313e45ed9c31
  pop: f667631a5108a2e60d9e8797c9b32ddaf2080bce
  Realm: 07e5d3a9e0e41d65fd5f9f05150ed6295d0f093b
  RealmSwift: 6d06425d3900c86473c4f323bf6949b43fca22bc
  SnapKit: 1ca44df72cfa543218d177cb8aab029d10d86ea7
  Sparrow: 30b0e315a27798d7a56757250499449ac6b663c3
  Spring: 3f02b5dc3308572ef177b3cad0fa7bbc4b0706f7
  SwiftSpinner: 62a28bbb4035f252a1e91b0e17fc40bdbbfa0aab
  SwiftyJSON: c2842d878f95482ffceec5709abc3d05680c0220

PODFILE CHECKSUM: d6234acdc70e181a849ee99ed07d69f9c80a19d1

COCOAPODS: 1.2.1
