PODS:
  - ActionKit (2.0)
  - CryptoSwift (0.6.8)
  - ESTabBarController-swift (2.3)
  - Eureka (3.0.0)
  - MarqueeLabel/Swift (3.0.2)
  - NotificationBannerSwift (1.0.1):
    - MarqueeLabel/Swift
    - SnapKit (~> 3.2.0)
  - Realm (2.6.1):
    - Realm/Headers (= 2.6.1)
  - Realm/Headers (2.6.1)
  - RealmSwift (2.6.1):
    - Realm (= 2.6.1)
  - SnapKit (3.2.0)
  - Spring (1.0.3)
  - SwiftSpinner (1.2.1)

DEPENDENCIES:
  - ActionKit (~> 2.0)
  - CryptoSwift
  - ESTabBarController-swift (~> 2.3)
  - Eureka
  - NotificationBannerSwift
  - RealmSwift (~> 2.6)
  - Spring (from `https://github.com/MengTo/Spring.git`, branch `swift3`)
  - SwiftSpinner

EXTERNAL SOURCES:
  Spring:
    :branch: swift3
    :git: https://github.com/MengTo/Spring.git

CHECKOUT OPTIONS:
  Spring:
    :commit: 8201b5c93bd7ebdf4cd18160bcde1e6e88c2be64
    :git: https://github.com/MengTo/Spring.git

SPEC CHECKSUMS:
  ActionKit: a9ac8aa51b1e404489d4ebdeefb587c112b7669f
  CryptoSwift: f21ea03ed3a94e79d241648ce26652cd4810508a
  ESTabBarController-swift: 23011ffbee6cd66a37309f00c7c21c9dd63c17de
  Eureka: f36fd440c3ebb7bfea0a4fbe6f16a05f1cb35906
  MarqueeLabel: 365d4a7cd5a9504e51a2034d2be83782424223ac
  NotificationBannerSwift: f446dad0b4d070d935268a519c8ff5f3029abb0f
  Realm: 9abfd4f87519376daa5ae3a4603155de408bf8b3
  RealmSwift: a54d3e8931cf7d3afa5a1fac9c8f88109d7f02b3
  SnapKit: 1ca44df72cfa543218d177cb8aab029d10d86ea7
  Spring: 3f02b5dc3308572ef177b3cad0fa7bbc4b0706f7
  SwiftSpinner: 62a28bbb4035f252a1e91b0e17fc40bdbbfa0aab

PODFILE CHECKSUM: c41276a94fd5c0e1bc1b82f5b969cd4984792442

COCOAPODS: 1.2.1
