// !$*UTF8*$!
{
	archiveVersion = 1;
	classes = {
	};
	objectVersion = 46;
	objects = {

/* Begin PBXBuildFile section */
		9374B30E1E9D80DB00052AA5 /* AppDelegate.swift in Sources */ = {isa = PBXBuildFile; fileRef = 9374B30D1E9D80DB00052AA5 /* AppDelegate.swift */; };
		9374B3151E9D80DB00052AA5 /* Assets.xcassets in Resources */ = {isa = PBXBuildFile; fileRef = 9374B3141E9D80DB00052AA5 /* Assets.xcassets */; };
		9374B3181E9D80DB00052AA5 /* LaunchScreen.storyboard in Resources */ = {isa = PBXBuildFile; fileRef = 9374B3161E9D80DB00052AA5 /* LaunchScreen.storyboard */; };
		9374B3211E9D81D600052AA5 /* libc++.tbd in Frameworks */ = {isa = PBXBuildFile; fileRef = 9374B3201E9D81D600052AA5 /* libc++.tbd */; };
		9374B3231E9D81DE00052AA5 /* CoreBluetooth.framework in Frameworks */ = {isa = PBXBuildFile; fileRef = 9374B3221E9D81DE00052AA5 /* CoreBluetooth.framework */; };
		9374B3251E9D820100052AA5 /* Muse.framework in Frameworks */ = {isa = PBXBuildFile; fileRef = 9374B3241E9D820100052AA5 /* Muse.framework */; };
		93774D481EAB98D900B11A00 /* Muse.swift in Sources */ = {isa = PBXBuildFile; fileRef = 93774D471EAB98D900B11A00 /* Muse.swift */; };
		937D66A11EA67A0700A8E3DC /* SettingsTableViewCell.xib in Resources */ = {isa = PBXBuildFile; fileRef = 937D66A01EA67A0700A8E3DC /* SettingsTableViewCell.xib */; };
		937D66A51EA69DF600A8E3DC /* UserViewController.swift in Sources */ = {isa = PBXBuildFile; fileRef = 937D66A31EA69DF600A8E3DC /* UserViewController.swift */; };
		937D66A61EA69DF600A8E3DC /* UserViewController.xib in Resources */ = {isa = PBXBuildFile; fileRef = 937D66A41EA69DF600A8E3DC /* UserViewController.xib */; };
		937D66A91EA69FC700A8E3DC /* DeviceViewController.swift in Sources */ = {isa = PBXBuildFile; fileRef = 937D66A71EA69FC700A8E3DC /* DeviceViewController.swift */; };
		937D66AA1EA69FC700A8E3DC /* DeviceViewController.xib in Resources */ = {isa = PBXBuildFile; fileRef = 937D66A81EA69FC700A8E3DC /* DeviceViewController.xib */; };
		937D66AF1EA6C85400A8E3DC /* AddMuseViewController.swift in Sources */ = {isa = PBXBuildFile; fileRef = 937D66AD1EA6C85400A8E3DC /* AddMuseViewController.swift */; };
		937D66B01EA6C85400A8E3DC /* AddMuseViewController.xib in Resources */ = {isa = PBXBuildFile; fileRef = 937D66AE1EA6C85400A8E3DC /* AddMuseViewController.xib */; };
		937D66B31EA6CF4F00A8E3DC /* AddMuseTableViewCell.swift in Sources */ = {isa = PBXBuildFile; fileRef = 937D66B11EA6CF4F00A8E3DC /* AddMuseTableViewCell.swift */; };
		937D66B41EA6CF4F00A8E3DC /* AddMuseTableViewCell.xib in Resources */ = {isa = PBXBuildFile; fileRef = 937D66B21EA6CF4F00A8E3DC /* AddMuseTableViewCell.xib */; };
		939085BA1EA22610007495D1 /* EEGSnapshot.swift in Sources */ = {isa = PBXBuildFile; fileRef = 939085B91EA22610007495D1 /* EEGSnapshot.swift */; };
		939085BC1EA270CE007495D1 /* WaveView.swift in Sources */ = {isa = PBXBuildFile; fileRef = 939085BB1EA270CE007495D1 /* WaveView.swift */; };
		93C6D3541EA375AA00A21FB4 /* SettingsViewController.swift in Sources */ = {isa = PBXBuildFile; fileRef = 93C6D3521EA375AA00A21FB4 /* SettingsViewController.swift */; };
		93C6D3551EA375AA00A21FB4 /* SettingsViewController.xib in Resources */ = {isa = PBXBuildFile; fileRef = 93C6D3531EA375AA00A21FB4 /* SettingsViewController.xib */; };
		93C6D3581EA375D000A21FB4 /* ActivityViewController.swift in Sources */ = {isa = PBXBuildFile; fileRef = 93C6D3561EA375D000A21FB4 /* ActivityViewController.swift */; };
		93C6D3591EA375D000A21FB4 /* ActivityViewController.xib in Resources */ = {isa = PBXBuildFile; fileRef = 93C6D3571EA375D000A21FB4 /* ActivityViewController.xib */; };
		93C6D35C1EA3761900A21FB4 /* MainViewController.swift in Sources */ = {isa = PBXBuildFile; fileRef = 93C6D35A1EA3761900A21FB4 /* MainViewController.swift */; };
		93C6D35D1EA3761900A21FB4 /* MainViewController.xib in Resources */ = {isa = PBXBuildFile; fileRef = 93C6D35B1EA3761900A21FB4 /* MainViewController.xib */; };
		EFEAA179F796F07DAA2643E0 /* Pods_AnalytiCeM.framework in Frameworks */ = {isa = PBXBuildFile; fileRef = DA481F5BA3FC0EB0FE72F433 /* Pods_AnalytiCeM.framework */; };
/* End PBXBuildFile section */

/* Begin PBXFileReference section */
		207AB5D81A51F8A11F7C08F4 /* Pods-AnalytiCeM.release.xcconfig */ = {isa = PBXFileReference; includeInIndex = 1; lastKnownFileType = text.xcconfig; name = "Pods-AnalytiCeM.release.xcconfig"; path = "Pods/Target Support Files/Pods-AnalytiCeM/Pods-AnalytiCeM.release.xcconfig"; sourceTree = "<group>"; };
		55FA2FDC7F83D0417C9D232F /* Pods-AnalytiCeM.debug.xcconfig */ = {isa = PBXFileReference; includeInIndex = 1; lastKnownFileType = text.xcconfig; name = "Pods-AnalytiCeM.debug.xcconfig"; path = "Pods/Target Support Files/Pods-AnalytiCeM/Pods-AnalytiCeM.debug.xcconfig"; sourceTree = "<group>"; };
		9374B30A1E9D80DB00052AA5 /* AnalytiCeM.app */ = {isa = PBXFileReference; explicitFileType = wrapper.application; includeInIndex = 0; path = AnalytiCeM.app; sourceTree = BUILT_PRODUCTS_DIR; };
		9374B30D1E9D80DB00052AA5 /* AppDelegate.swift */ = {isa = PBXFileReference; lastKnownFileType = sourcecode.swift; path = AppDelegate.swift; sourceTree = "<group>"; };
		9374B3141E9D80DB00052AA5 /* Assets.xcassets */ = {isa = PBXFileReference; lastKnownFileType = folder.assetcatalog; path = Assets.xcassets; sourceTree = "<group>"; };
		9374B3171E9D80DB00052AA5 /* Base */ = {isa = PBXFileReference; lastKnownFileType = file.storyboard; name = Base; path = Base.lproj/LaunchScreen.storyboard; sourceTree = "<group>"; };
		9374B3191E9D80DB00052AA5 /* Info.plist */ = {isa = PBXFileReference; lastKnownFileType = text.plist.xml; path = Info.plist; sourceTree = "<group>"; };
		9374B3201E9D81D600052AA5 /* libc++.tbd */ = {isa = PBXFileReference; lastKnownFileType = "sourcecode.text-based-dylib-definition"; name = "libc++.tbd"; path = "usr/lib/libc++.tbd"; sourceTree = SDKROOT; };
		9374B3221E9D81DE00052AA5 /* CoreBluetooth.framework */ = {isa = PBXFileReference; lastKnownFileType = wrapper.framework; name = CoreBluetooth.framework; path = System/Library/Frameworks/CoreBluetooth.framework; sourceTree = SDKROOT; };
		9374B3241E9D820100052AA5 /* Muse.framework */ = {isa = PBXFileReference; lastKnownFileType = wrapper.framework; name = Muse.framework; path = AnalytiCeM/Frameworks/Muse.framework; sourceTree = "<group>"; };
		9374B3261E9D824300052AA5 /* AnalytiCeM-Bridging-Header.h */ = {isa = PBXFileReference; lastKnownFileType = sourcecode.c.h; path = "AnalytiCeM-Bridging-Header.h"; sourceTree = "<group>"; };
		93774D471EAB98D900B11A00 /* Muse.swift */ = {isa = PBXFileReference; fileEncoding = 4; lastKnownFileType = sourcecode.swift; path = Muse.swift; sourceTree = "<group>"; };
		937D66A01EA67A0700A8E3DC /* SettingsTableViewCell.xib */ = {isa = PBXFileReference; fileEncoding = 4; lastKnownFileType = file.xib; path = SettingsTableViewCell.xib; sourceTree = "<group>"; };
		937D66A31EA69DF600A8E3DC /* UserViewController.swift */ = {isa = PBXFileReference; fileEncoding = 4; lastKnownFileType = sourcecode.swift; path = UserViewController.swift; sourceTree = "<group>"; };
		937D66A41EA69DF600A8E3DC /* UserViewController.xib */ = {isa = PBXFileReference; fileEncoding = 4; lastKnownFileType = file.xib; path = UserViewController.xib; sourceTree = "<group>"; };
		937D66A71EA69FC700A8E3DC /* DeviceViewController.swift */ = {isa = PBXFileReference; fileEncoding = 4; lastKnownFileType = sourcecode.swift; path = DeviceViewController.swift; sourceTree = "<group>"; };
		937D66A81EA69FC700A8E3DC /* DeviceViewController.xib */ = {isa = PBXFileReference; fileEncoding = 4; lastKnownFileType = file.xib; path = DeviceViewController.xib; sourceTree = "<group>"; };
		937D66AD1EA6C85400A8E3DC /* AddMuseViewController.swift */ = {isa = PBXFileReference; fileEncoding = 4; lastKnownFileType = sourcecode.swift; path = AddMuseViewController.swift; sourceTree = "<group>"; };
		937D66AE1EA6C85400A8E3DC /* AddMuseViewController.xib */ = {isa = PBXFileReference; fileEncoding = 4; lastKnownFileType = file.xib; path = AddMuseViewController.xib; sourceTree = "<group>"; };
		937D66B11EA6CF4F00A8E3DC /* AddMuseTableViewCell.swift */ = {isa = PBXFileReference; fileEncoding = 4; lastKnownFileType = sourcecode.swift; path = AddMuseTableViewCell.swift; sourceTree = "<group>"; };
		937D66B21EA6CF4F00A8E3DC /* AddMuseTableViewCell.xib */ = {isa = PBXFileReference; fileEncoding = 4; lastKnownFileType = file.xib; path = AddMuseTableViewCell.xib; sourceTree = "<group>"; };
		939085B91EA22610007495D1 /* EEGSnapshot.swift */ = {isa = PBXFileReference; fileEncoding = 4; lastKnownFileType = sourcecode.swift; path = EEGSnapshot.swift; sourceTree = "<group>"; };
		939085BB1EA270CE007495D1 /* WaveView.swift */ = {isa = PBXFileReference; fileEncoding = 4; lastKnownFileType = sourcecode.swift; path = WaveView.swift; sourceTree = "<group>"; };
		93C6D3521EA375AA00A21FB4 /* SettingsViewController.swift */ = {isa = PBXFileReference; fileEncoding = 4; lastKnownFileType = sourcecode.swift; path = SettingsViewController.swift; sourceTree = "<group>"; };
		93C6D3531EA375AA00A21FB4 /* SettingsViewController.xib */ = {isa = PBXFileReference; fileEncoding = 4; lastKnownFileType = file.xib; path = SettingsViewController.xib; sourceTree = "<group>"; };
		93C6D3561EA375D000A21FB4 /* ActivityViewController.swift */ = {isa = PBXFileReference; fileEncoding = 4; lastKnownFileType = sourcecode.swift; path = ActivityViewController.swift; sourceTree = "<group>"; };
		93C6D3571EA375D000A21FB4 /* ActivityViewController.xib */ = {isa = PBXFileReference; fileEncoding = 4; lastKnownFileType = file.xib; path = ActivityViewController.xib; sourceTree = "<group>"; };
		93C6D35A1EA3761900A21FB4 /* MainViewController.swift */ = {isa = PBXFileReference; fileEncoding = 4; lastKnownFileType = sourcecode.swift; path = MainViewController.swift; sourceTree = "<group>"; };
		93C6D35B1EA3761900A21FB4 /* MainViewController.xib */ = {isa = PBXFileReference; fileEncoding = 4; lastKnownFileType = file.xib; path = MainViewController.xib; sourceTree = "<group>"; };
		DA481F5BA3FC0EB0FE72F433 /* Pods_AnalytiCeM.framework */ = {isa = PBXFileReference; explicitFileType = wrapper.framework; includeInIndex = 0; path = Pods_AnalytiCeM.framework; sourceTree = BUILT_PRODUCTS_DIR; };
/* End PBXFileReference section */

/* Begin PBXFrameworksBuildPhase section */
		9374B3071E9D80DB00052AA5 /* Frameworks */ = {
			isa = PBXFrameworksBuildPhase;
			buildActionMask = 2147483647;
			files = (
				9374B3231E9D81DE00052AA5 /* CoreBluetooth.framework in Frameworks */,
				9374B3251E9D820100052AA5 /* Muse.framework in Frameworks */,
				9374B3211E9D81D600052AA5 /* libc++.tbd in Frameworks */,
				EFEAA179F796F07DAA2643E0 /* Pods_AnalytiCeM.framework in Frameworks */,
			);
			runOnlyForDeploymentPostprocessing = 0;
		};
/* End PBXFrameworksBuildPhase section */

/* Begin PBXGroup section */
		3E5FBE26322AFFC71FD35E42 /* Pods */ = {
			isa = PBXGroup;
			children = (
				55FA2FDC7F83D0417C9D232F /* Pods-AnalytiCeM.debug.xcconfig */,
				207AB5D81A51F8A11F7C08F4 /* Pods-AnalytiCeM.release.xcconfig */,
			);
			name = Pods;
			sourceTree = "<group>";
		};
		9374B3011E9D80DB00052AA5 = {
			isa = PBXGroup;
			children = (
				9374B30C1E9D80DB00052AA5 /* AnalytiCeM */,
				9374B31F1E9D81D600052AA5 /* Frameworks */,
				3E5FBE26322AFFC71FD35E42 /* Pods */,
				9374B30B1E9D80DB00052AA5 /* Products */,
			);
			sourceTree = "<group>";
		};
		9374B30B1E9D80DB00052AA5 /* Products */ = {
			isa = PBXGroup;
			children = (
				9374B30A1E9D80DB00052AA5 /* AnalytiCeM.app */,
			);
			name = Products;
			sourceTree = "<group>";
		};
		9374B30C1E9D80DB00052AA5 /* AnalytiCeM */ = {
			isa = PBXGroup;
			children = (
				9382376E1EA3C70100CE8D1E /* Controller */,
				9382376F1EA3C75600CE8D1E /* Data */,
				938237701EA3C76100CE8D1E /* View */,
				9374B3261E9D824300052AA5 /* AnalytiCeM-Bridging-Header.h */,
				9374B30D1E9D80DB00052AA5 /* AppDelegate.swift */,
				9374B3191E9D80DB00052AA5 /* Info.plist */,
			);
			path = AnalytiCeM;
			sourceTree = "<group>";
		};
		9374B31F1E9D81D600052AA5 /* Frameworks */ = {
			isa = PBXGroup;
			children = (
				9374B3241E9D820100052AA5 /* Muse.framework */,
				9374B3221E9D81DE00052AA5 /* CoreBluetooth.framework */,
				9374B3201E9D81D600052AA5 /* libc++.tbd */,
				DA481F5BA3FC0EB0FE72F433 /* Pods_AnalytiCeM.framework */,
			);
			name = Frameworks;
			sourceTree = "<group>";
		};
		937D66A21EA69B4E00A8E3DC /* Settings */ = {
			isa = PBXGroup;
			children = (
				937D66AC1EA6C82500A8E3DC /* Device */,
				93C6D3521EA375AA00A21FB4 /* SettingsViewController.swift */,
				937D66A01EA67A0700A8E3DC /* SettingsTableViewCell.xib */,
				93C6D3531EA375AA00A21FB4 /* SettingsViewController.xib */,
				937D66A31EA69DF600A8E3DC /* UserViewController.swift */,
				937D66A41EA69DF600A8E3DC /* UserViewController.xib */,
			);
			name = Settings;
			sourceTree = "<group>";
		};
		937D66AC1EA6C82500A8E3DC /* Device */ = {
			isa = PBXGroup;
			children = (
				937D66A71EA69FC700A8E3DC /* DeviceViewController.swift */,
				937D66A81EA69FC700A8E3DC /* DeviceViewController.xib */,
				937D66AD1EA6C85400A8E3DC /* AddMuseViewController.swift */,
				937D66B11EA6CF4F00A8E3DC /* AddMuseTableViewCell.swift */,
				937D66B21EA6CF4F00A8E3DC /* AddMuseTableViewCell.xib */,
				937D66AE1EA6C85400A8E3DC /* AddMuseViewController.xib */,
			);
			name = Device;
			sourceTree = "<group>";
		};
		9382376E1EA3C70100CE8D1E /* Controller */ = {
			isa = PBXGroup;
			children = (
				937D66A21EA69B4E00A8E3DC /* Settings */,
				93C6D3561EA375D000A21FB4 /* ActivityViewController.swift */,
				93C6D3571EA375D000A21FB4 /* ActivityViewController.xib */,
				93C6D35A1EA3761900A21FB4 /* MainViewController.swift */,
				93C6D35B1EA3761900A21FB4 /* MainViewController.xib */,
			);
			path = Controller;
			sourceTree = "<group>";
		};
		9382376F1EA3C75600CE8D1E /* Data */ = {
			isa = PBXGroup;
			children = (
				939085B91EA22610007495D1 /* EEGSnapshot.swift */,
				93774D471EAB98D900B11A00 /* Muse.swift */,
			);
			path = Data;
			sourceTree = "<group>";
		};
		938237701EA3C76100CE8D1E /* View */ = {
			isa = PBXGroup;
			children = (
				9374B3141E9D80DB00052AA5 /* Assets.xcassets */,
				9374B3161E9D80DB00052AA5 /* LaunchScreen.storyboard */,
				939085BB1EA270CE007495D1 /* WaveView.swift */,
			);
			path = View;
			sourceTree = "<group>";
		};
/* End PBXGroup section */

/* Begin PBXNativeTarget section */
		9374B3091E9D80DB00052AA5 /* AnalytiCeM */ = {
			isa = PBXNativeTarget;
			buildConfigurationList = 9374B31C1E9D80DB00052AA5 /* Build configuration list for PBXNativeTarget "AnalytiCeM" */;
			buildPhases = (
				1A70AC6CBB6744DCE4D202F2 /* [CP] Check Pods Manifest.lock */,
				9374B3061E9D80DB00052AA5 /* Sources */,
				9374B3071E9D80DB00052AA5 /* Frameworks */,
				9374B3081E9D80DB00052AA5 /* Resources */,
				925F84C3F1C6D14E8371C7DA /* [CP] Embed Pods Frameworks */,
				02602D861508DDE7E247DB2E /* [CP] Copy Pods Resources */,
			);
			buildRules = (
			);
			dependencies = (
			);
			name = AnalytiCeM;
			productName = AnalytiCeM;
			productReference = 9374B30A1E9D80DB00052AA5 /* AnalytiCeM.app */;
			productType = "com.apple.product-type.application";
		};
/* End PBXNativeTarget section */

/* Begin PBXProject section */
		9374B3021E9D80DB00052AA5 /* Project object */ = {
			isa = PBXProject;
			attributes = {
				LastSwiftUpdateCheck = 0830;
				LastUpgradeCheck = 0830;
				ORGANIZATIONNAME = Polyech;
				TargetAttributes = {
					9374B3091E9D80DB00052AA5 = {
						CreatedOnToolsVersion = 8.3.1;
						DevelopmentTeam = 6PRG74AB66;
						LastSwiftMigration = 0830;
						ProvisioningStyle = Automatic;
					};
				};
			};
			buildConfigurationList = 9374B3051E9D80DB00052AA5 /* Build configuration list for PBXProject "AnalytiCeM" */;
			compatibilityVersion = "Xcode 3.2";
			developmentRegion = English;
			hasScannedForEncodings = 0;
			knownRegions = (
				en,
				Base,
			);
			mainGroup = 9374B3011E9D80DB00052AA5;
			productRefGroup = 9374B30B1E9D80DB00052AA5 /* Products */;
			projectDirPath = "";
			projectRoot = "";
			targets = (
				9374B3091E9D80DB00052AA5 /* AnalytiCeM */,
			);
		};
/* End PBXProject section */

/* Begin PBXResourcesBuildPhase section */
		9374B3081E9D80DB00052AA5 /* Resources */ = {
			isa = PBXResourcesBuildPhase;
			buildActionMask = 2147483647;
			files = (
				937D66AA1EA69FC700A8E3DC /* DeviceViewController.xib in Resources */,
				937D66A61EA69DF600A8E3DC /* UserViewController.xib in Resources */,
				937D66B01EA6C85400A8E3DC /* AddMuseViewController.xib in Resources */,
				9374B3181E9D80DB00052AA5 /* LaunchScreen.storyboard in Resources */,
				937D66A11EA67A0700A8E3DC /* SettingsTableViewCell.xib in Resources */,
				937D66B41EA6CF4F00A8E3DC /* AddMuseTableViewCell.xib in Resources */,
				9374B3151E9D80DB00052AA5 /* Assets.xcassets in Resources */,
				93C6D3591EA375D000A21FB4 /* ActivityViewController.xib in Resources */,
				93C6D35D1EA3761900A21FB4 /* MainViewController.xib in Resources */,
				93C6D3551EA375AA00A21FB4 /* SettingsViewController.xib in Resources */,
			);
			runOnlyForDeploymentPostprocessing = 0;
		};
/* End PBXResourcesBuildPhase section */

/* Begin PBXShellScriptBuildPhase section */
		02602D861508DDE7E247DB2E /* [CP] Copy Pods Resources */ = {
			isa = PBXShellScriptBuildPhase;
			buildActionMask = 2147483647;
			files = (
			);
			inputPaths = (
			);
			name = "[CP] Copy Pods Resources";
			outputPaths = (
			);
			runOnlyForDeploymentPostprocessing = 0;
			shellPath = /bin/sh;
			shellScript = "\"${SRCROOT}/Pods/Target Support Files/Pods-AnalytiCeM/Pods-AnalytiCeM-resources.sh\"\n";
			showEnvVarsInLog = 0;
		};
		1A70AC6CBB6744DCE4D202F2 /* [CP] Check Pods Manifest.lock */ = {
			isa = PBXShellScriptBuildPhase;
			buildActionMask = 2147483647;
			files = (
			);
			inputPaths = (
			);
			name = "[CP] Check Pods Manifest.lock";
			outputPaths = (
			);
			runOnlyForDeploymentPostprocessing = 0;
			shellPath = /bin/sh;
			shellScript = "diff \"${PODS_PODFILE_DIR_PATH}/Podfile.lock\" \"${PODS_ROOT}/Manifest.lock\" > /dev/null\nif [ $? != 0 ] ; then\n    # print error to STDERR\n    echo \"error: The sandbox is not in sync with the Podfile.lock. Run 'pod install' or update your CocoaPods installation.\" >&2\n    exit 1\nfi\n";
			showEnvVarsInLog = 0;
		};
		925F84C3F1C6D14E8371C7DA /* [CP] Embed Pods Frameworks */ = {
			isa = PBXShellScriptBuildPhase;
			buildActionMask = 2147483647;
			files = (
			);
			inputPaths = (
			);
			name = "[CP] Embed Pods Frameworks";
			outputPaths = (
			);
			runOnlyForDeploymentPostprocessing = 0;
			shellPath = /bin/sh;
			shellScript = "\"${SRCROOT}/Pods/Target Support Files/Pods-AnalytiCeM/Pods-AnalytiCeM-frameworks.sh\"\n";
			showEnvVarsInLog = 0;
		};
/* End PBXShellScriptBuildPhase section */

/* Begin PBXSourcesBuildPhase section */
		9374B3061E9D80DB00052AA5 /* Sources */ = {
			isa = PBXSourcesBuildPhase;
			buildActionMask = 2147483647;
			files = (
				93774D481EAB98D900B11A00 /* Muse.swift in Sources */,
				939085BC1EA270CE007495D1 /* WaveView.swift in Sources */,
				937D66A51EA69DF600A8E3DC /* UserViewController.swift in Sources */,
				937D66AF1EA6C85400A8E3DC /* AddMuseViewController.swift in Sources */,
				939085BA1EA22610007495D1 /* EEGSnapshot.swift in Sources */,
				93C6D3581EA375D000A21FB4 /* ActivityViewController.swift in Sources */,
				9374B30E1E9D80DB00052AA5 /* AppDelegate.swift in Sources */,
				93C6D3541EA375AA00A21FB4 /* SettingsViewController.swift in Sources */,
				937D66B31EA6CF4F00A8E3DC /* AddMuseTableViewCell.swift in Sources */,
				93C6D35C1EA3761900A21FB4 /* MainViewController.swift in Sources */,
				937D66A91EA69FC700A8E3DC /* DeviceViewController.swift in Sources */,
			);
			runOnlyForDeploymentPostprocessing = 0;
		};
/* End PBXSourcesBuildPhase section */

/* Begin PBXVariantGroup section */
		9374B3161E9D80DB00052AA5 /* LaunchScreen.storyboard */ = {
			isa = PBXVariantGroup;
			children = (
				9374B3171E9D80DB00052AA5 /* Base */,
			);
			name = LaunchScreen.storyboard;
			path = .;
			sourceTree = "<group>";
		};
/* End PBXVariantGroup section */

/* Begin XCBuildConfiguration section */
		9374B31A1E9D80DB00052AA5 /* Debug */ = {
			isa = XCBuildConfiguration;
			buildSettings = {
				ALWAYS_SEARCH_USER_PATHS = NO;
				CLANG_ANALYZER_NONNULL = YES;
				CLANG_ANALYZER_NUMBER_OBJECT_CONVERSION = YES_AGGRESSIVE;
				CLANG_CXX_LANGUAGE_STANDARD = "gnu++0x";
				CLANG_CXX_LIBRARY = "libc++";
				CLANG_ENABLE_MODULES = YES;
				CLANG_ENABLE_OBJC_ARC = YES;
				CLANG_WARN_BOOL_CONVERSION = YES;
				CLANG_WARN_CONSTANT_CONVERSION = YES;
				CLANG_WARN_DIRECT_OBJC_ISA_USAGE = YES_ERROR;
				CLANG_WARN_DOCUMENTATION_COMMENTS = YES;
				CLANG_WARN_EMPTY_BODY = YES;
				CLANG_WARN_ENUM_CONVERSION = YES;
				CLANG_WARN_INFINITE_RECURSION = YES;
				CLANG_WARN_INT_CONVERSION = YES;
				CLANG_WARN_OBJC_ROOT_CLASS = YES_ERROR;
				CLANG_WARN_SUSPICIOUS_MOVE = YES;
				CLANG_WARN_UNREACHABLE_CODE = YES;
				CLANG_WARN__DUPLICATE_METHOD_MATCH = YES;
				"CODE_SIGN_IDENTITY[sdk=iphoneos*]" = "iPhone Developer";
				COPY_PHASE_STRIP = NO;
				DEBUG_INFORMATION_FORMAT = dwarf;
				ENABLE_STRICT_OBJC_MSGSEND = YES;
				ENABLE_TESTABILITY = YES;
				GCC_C_LANGUAGE_STANDARD = gnu99;
				GCC_DYNAMIC_NO_PIC = NO;
				GCC_NO_COMMON_BLOCKS = YES;
				GCC_OPTIMIZATION_LEVEL = 0;
				GCC_PREPROCESSOR_DEFINITIONS = (
					"DEBUG=1",
					"$(inherited)",
				);
				GCC_WARN_64_TO_32_BIT_CONVERSION = YES;
				GCC_WARN_ABOUT_RETURN_TYPE = YES_ERROR;
				GCC_WARN_UNDECLARED_SELECTOR = YES;
				GCC_WARN_UNINITIALIZED_AUTOS = YES_AGGRESSIVE;
				GCC_WARN_UNUSED_FUNCTION = YES;
				GCC_WARN_UNUSED_VARIABLE = YES;
				IPHONEOS_DEPLOYMENT_TARGET = 10.3;
				MTL_ENABLE_DEBUG_INFO = YES;
				ONLY_ACTIVE_ARCH = YES;
				SDKROOT = iphoneos;
				SWIFT_ACTIVE_COMPILATION_CONDITIONS = DEBUG;
				SWIFT_OPTIMIZATION_LEVEL = "-Onone";
			};
			name = Debug;
		};
		9374B31B1E9D80DB00052AA5 /* Release */ = {
			isa = XCBuildConfiguration;
			buildSettings = {
				ALWAYS_SEARCH_USER_PATHS = NO;
				CLANG_ANALYZER_NONNULL = YES;
				CLANG_ANALYZER_NUMBER_OBJECT_CONVERSION = YES_AGGRESSIVE;
				CLANG_CXX_LANGUAGE_STANDARD = "gnu++0x";
				CLANG_CXX_LIBRARY = "libc++";
				CLANG_ENABLE_MODULES = YES;
				CLANG_ENABLE_OBJC_ARC = YES;
				CLANG_WARN_BOOL_CONVERSION = YES;
				CLANG_WARN_CONSTANT_CONVERSION = YES;
				CLANG_WARN_DIRECT_OBJC_ISA_USAGE = YES_ERROR;
				CLANG_WARN_DOCUMENTATION_COMMENTS = YES;
				CLANG_WARN_EMPTY_BODY = YES;
				CLANG_WARN_ENUM_CONVERSION = YES;
				CLANG_WARN_INFINITE_RECURSION = YES;
				CLANG_WARN_INT_CONVERSION = YES;
				CLANG_WARN_OBJC_ROOT_CLASS = YES_ERROR;
				CLANG_WARN_SUSPICIOUS_MOVE = YES;
				CLANG_WARN_UNREACHABLE_CODE = YES;
				CLANG_WARN__DUPLICATE_METHOD_MATCH = YES;
				"CODE_SIGN_IDENTITY[sdk=iphoneos*]" = "iPhone Developer";
				COPY_PHASE_STRIP = NO;
				DEBUG_INFORMATION_FORMAT = "dwarf-with-dsym";
				ENABLE_NS_ASSERTIONS = NO;
				ENABLE_STRICT_OBJC_MSGSEND = YES;
				GCC_C_LANGUAGE_STANDARD = gnu99;
				GCC_NO_COMMON_BLOCKS = YES;
				GCC_WARN_64_TO_32_BIT_CONVERSION = YES;
				GCC_WARN_ABOUT_RETURN_TYPE = YES_ERROR;
				GCC_WARN_UNDECLARED_SELECTOR = YES;
				GCC_WARN_UNINITIALIZED_AUTOS = YES_AGGRESSIVE;
				GCC_WARN_UNUSED_FUNCTION = YES;
				GCC_WARN_UNUSED_VARIABLE = YES;
				IPHONEOS_DEPLOYMENT_TARGET = 10.3;
				MTL_ENABLE_DEBUG_INFO = NO;
				SDKROOT = iphoneos;
				SWIFT_OPTIMIZATION_LEVEL = "-Owholemodule";
				VALIDATE_PRODUCT = YES;
			};
			name = Release;
		};
		9374B31D1E9D80DB00052AA5 /* Debug */ = {
			isa = XCBuildConfiguration;
			baseConfigurationReference = 55FA2FDC7F83D0417C9D232F /* Pods-AnalytiCeM.debug.xcconfig */;
			buildSettings = {
				ASSETCATALOG_COMPILER_APPICON_NAME = AppIcon;
				CLANG_ENABLE_MODULES = YES;
				DEVELOPMENT_TEAM = 6PRG74AB66;
				ENABLE_BITCODE = NO;
				FRAMEWORK_SEARCH_PATHS = (
					"$(inherited)",
					"$(PROJECT_DIR)/AnalytiCeM/Frameworks",
				);
				INFOPLIST_FILE = AnalytiCeM/Info.plist;
				LD_RUNPATH_SEARCH_PATHS = "$(inherited) @executable_path/Frameworks";
				PRODUCT_BUNDLE_IDENTIFIER = "fr.polytech-marseille.AnalytiCeM";
				PRODUCT_NAME = "$(TARGET_NAME)";
				SWIFT_OBJC_BRIDGING_HEADER = "AnalytiCeM/AnalytiCeM-Bridging-Header.h";
				SWIFT_OPTIMIZATION_LEVEL = "-Onone";
				SWIFT_VERSION = 3.0;
			};
			name = Debug;
		};
		9374B31E1E9D80DB00052AA5 /* Release */ = {
			isa = XCBuildConfiguration;
			baseConfigurationReference = 207AB5D81A51F8A11F7C08F4 /* Pods-AnalytiCeM.release.xcconfig */;
			buildSettings = {
				ASSETCATALOG_COMPILER_APPICON_NAME = AppIcon;
				CLANG_ENABLE_MODULES = YES;
				DEVELOPMENT_TEAM = 6PRG74AB66;
				ENABLE_BITCODE = NO;
				FRAMEWORK_SEARCH_PATHS = (
					"$(inherited)",
					"$(PROJECT_DIR)/AnalytiCeM/Frameworks",
				);
				INFOPLIST_FILE = AnalytiCeM/Info.plist;
				LD_RUNPATH_SEARCH_PATHS = "$(inherited) @executable_path/Frameworks";
				PRODUCT_BUNDLE_IDENTIFIER = "fr.polytech-marseille.AnalytiCeM";
				PRODUCT_NAME = "$(TARGET_NAME)";
				SWIFT_OBJC_BRIDGING_HEADER = "AnalytiCeM/AnalytiCeM-Bridging-Header.h";
				SWIFT_VERSION = 3.0;
			};
			name = Release;
		};
/* End XCBuildConfiguration section */

/* Begin XCConfigurationList section */
		9374B3051E9D80DB00052AA5 /* Build configuration list for PBXProject "AnalytiCeM" */ = {
			isa = XCConfigurationList;
			buildConfigurations = (
				9374B31A1E9D80DB00052AA5 /* Debug */,
				9374B31B1E9D80DB00052AA5 /* Release */,
			);
			defaultConfigurationIsVisible = 0;
			defaultConfigurationName = Release;
		};
		9374B31C1E9D80DB00052AA5 /* Build configuration list for PBXNativeTarget "AnalytiCeM" */ = {
			isa = XCConfigurationList;
			buildConfigurations = (
				9374B31D1E9D80DB00052AA5 /* Debug */,
				9374B31E1E9D80DB00052AA5 /* Release */,
			);
			defaultConfigurationIsVisible = 0;
			defaultConfigurationName = Release;
		};
/* End XCConfigurationList section */
	};
	rootObject = 9374B3021E9D80DB00052AA5 /* Project object */;
}
