// !$*UTF8*$!
{
	archiveVersion = 1;
	classes = {
	};
	objectVersion = 46;
	objects = {

/* Begin PBXBuildFile section */
		932B76761EBF9F8100562FD1 /* ConnectivityManager.swift in Sources */ = {isa = PBXBuildFile; fileRef = 932B76751EBF9F8100562FD1 /* ConnectivityManager.swift */; };
		932B76781EBFAECA00562FD1 /* Keys.plist in Resources */ = {isa = PBXBuildFile; fileRef = 932B76771EBFAECA00562FD1 /* Keys.plist */; };
		932B767A1EBFB6F700562FD1 /* Weather.swift in Sources */ = {isa = PBXBuildFile; fileRef = 932B76791EBFB6F700562FD1 /* Weather.swift */; };
		932B767C1EBFBE1800562FD1 /* WeatherManager.swift in Sources */ = {isa = PBXBuildFile; fileRef = 932B767B1EBFBE1800562FD1 /* WeatherManager.swift */; };
		9331360C1EBA6DF800B90410 /* PasswordManager.swift in Sources */ = {isa = PBXBuildFile; fileRef = 9331360B1EBA6DF800B90410 /* PasswordManager.swift */; };
		9340981E1EB76E780079B7C2 /* User.swift in Sources */ = {isa = PBXBuildFile; fileRef = 9340981D1EB76E780079B7C2 /* User.swift */; };
		934098221EB7786F0079B7C2 /* LoginViewController.swift in Sources */ = {isa = PBXBuildFile; fileRef = 934098201EB7786E0079B7C2 /* LoginViewController.swift */; };
		934098231EB7786F0079B7C2 /* LoginViewController.xib in Resources */ = {isa = PBXBuildFile; fileRef = 934098211EB7786E0079B7C2 /* LoginViewController.xib */; };
		934098261EB7F1BD0079B7C2 /* RegisterViewController.swift in Sources */ = {isa = PBXBuildFile; fileRef = 934098241EB7F1BC0079B7C2 /* RegisterViewController.swift */; };
		934098271EB7F1BD0079B7C2 /* RegisterViewController.xib in Resources */ = {isa = PBXBuildFile; fileRef = 934098251EB7F1BD0079B7C2 /* RegisterViewController.xib */; };
		9357A0541EC36F1B00C704A8 /* WeatherView.xib in Resources */ = {isa = PBXBuildFile; fileRef = 9357A0531EC36F1B00C704A8 /* WeatherView.xib */; };
		9357A0571EC36F3400C704A8 /* WeatherView.swift in Sources */ = {isa = PBXBuildFile; fileRef = 9357A0561EC36F3400C704A8 /* WeatherView.swift */; };
		936564D21EB8BADD007F469E /* UserProfileViewController.swift in Sources */ = {isa = PBXBuildFile; fileRef = 936564D01EB8BADD007F469E /* UserProfileViewController.swift */; };
		936564D31EB8BADD007F469E /* UserProfileViewController.xib in Resources */ = {isa = PBXBuildFile; fileRef = 936564D11EB8BADD007F469E /* UserProfileViewController.xib */; };
		9374B30E1E9D80DB00052AA5 /* AppDelegate.swift in Sources */ = {isa = PBXBuildFile; fileRef = 9374B30D1E9D80DB00052AA5 /* AppDelegate.swift */; };
		9374B3151E9D80DB00052AA5 /* Assets.xcassets in Resources */ = {isa = PBXBuildFile; fileRef = 9374B3141E9D80DB00052AA5 /* Assets.xcassets */; };
		9374B3181E9D80DB00052AA5 /* LaunchScreen.storyboard in Resources */ = {isa = PBXBuildFile; fileRef = 9374B3161E9D80DB00052AA5 /* LaunchScreen.storyboard */; };
		9374B3211E9D81D600052AA5 /* libc++.tbd in Frameworks */ = {isa = PBXBuildFile; fileRef = 9374B3201E9D81D600052AA5 /* libc++.tbd */; };
		9374B3231E9D81DE00052AA5 /* CoreBluetooth.framework in Frameworks */ = {isa = PBXBuildFile; fileRef = 9374B3221E9D81DE00052AA5 /* CoreBluetooth.framework */; };
		9374B3251E9D820100052AA5 /* Muse.framework in Frameworks */ = {isa = PBXBuildFile; fileRef = 9374B3241E9D820100052AA5 /* Muse.framework */; };
		93774D481EAB98D900B11A00 /* Muse.swift in Sources */ = {isa = PBXBuildFile; fileRef = 93774D471EAB98D900B11A00 /* Muse.swift */; };
		937933BB1EC0AC6A00A1FFE1 /* GPSView.xib in Resources */ = {isa = PBXBuildFile; fileRef = 937933BA1EC0AC6A00A1FFE1 /* GPSView.xib */; };
		937933BD1EC0ADBC00A1FFE1 /* GPSView.swift in Sources */ = {isa = PBXBuildFile; fileRef = 937933BC1EC0ADBC00A1FFE1 /* GPSView.swift */; };
		937D66A11EA67A0700A8E3DC /* SettingsTableViewCell.xib in Resources */ = {isa = PBXBuildFile; fileRef = 937D66A01EA67A0700A8E3DC /* SettingsTableViewCell.xib */; };
		937D66A51EA69DF600A8E3DC /* UserViewController.swift in Sources */ = {isa = PBXBuildFile; fileRef = 937D66A31EA69DF600A8E3DC /* UserViewController.swift */; };
		937D66A61EA69DF600A8E3DC /* UserViewController.xib in Resources */ = {isa = PBXBuildFile; fileRef = 937D66A41EA69DF600A8E3DC /* UserViewController.xib */; };
		937D66AF1EA6C85400A8E3DC /* AddMuseViewController.swift in Sources */ = {isa = PBXBuildFile; fileRef = 937D66AD1EA6C85400A8E3DC /* AddMuseViewController.swift */; };
		937D66B01EA6C85400A8E3DC /* AddMuseViewController.xib in Resources */ = {isa = PBXBuildFile; fileRef = 937D66AE1EA6C85400A8E3DC /* AddMuseViewController.xib */; };
		937D66B31EA6CF4F00A8E3DC /* AddMuseTableViewCell.swift in Sources */ = {isa = PBXBuildFile; fileRef = 937D66B11EA6CF4F00A8E3DC /* AddMuseTableViewCell.swift */; };
		937D66B41EA6CF4F00A8E3DC /* AddMuseTableViewCell.xib in Resources */ = {isa = PBXBuildFile; fileRef = 937D66B21EA6CF4F00A8E3DC /* AddMuseTableViewCell.xib */; };
		938D77251EC7B321005C707A /* Activity.swift in Sources */ = {isa = PBXBuildFile; fileRef = 938D77241EC7B321005C707A /* Activity.swift */; };
		938D77271EC7BA6F005C707A /* GPS.swift in Sources */ = {isa = PBXBuildFile; fileRef = 938D77261EC7BA6F005C707A /* GPS.swift */; };
		938D77291EC7BB3E005C707A /* Data.swift in Sources */ = {isa = PBXBuildFile; fileRef = 938D77281EC7BB3E005C707A /* Data.swift */; };
		938D772B1EC7BDC4005C707A /* Session.swift in Sources */ = {isa = PBXBuildFile; fileRef = 938D772A1EC7BDC4005C707A /* Session.swift */; };
		938F222C1EBF2B9000FF5C70 /* OWMManager.swift in Sources */ = {isa = PBXBuildFile; fileRef = 938F222B1EBF2B9000FF5C70 /* OWMManager.swift */; };
		939085BA1EA22610007495D1 /* EEGSnapshot.swift in Sources */ = {isa = PBXBuildFile; fileRef = 939085B91EA22610007495D1 /* EEGSnapshot.swift */; };
		939085BC1EA270CE007495D1 /* WaveView.swift in Sources */ = {isa = PBXBuildFile; fileRef = 939085BB1EA270CE007495D1 /* WaveView.swift */; };
		9399F9B81EBE561D00736206 /* Theme.swift in Sources */ = {isa = PBXBuildFile; fileRef = 9399F9B71EBE561D00736206 /* Theme.swift */; };
		939A3CF31EB09D1700031C03 /* BluetoothStatusManager.swift in Sources */ = {isa = PBXBuildFile; fileRef = 939A3CF21EB09D1700031C03 /* BluetoothStatusManager.swift */; };
		939A3CF61EB0A54A00031C03 /* AnalytiCeMViewControllerExtension.swift in Sources */ = {isa = PBXBuildFile; fileRef = 939A3CF51EB0A54A00031C03 /* AnalytiCeMViewControllerExtension.swift */; };
		939A3CF81EB0AA0400031C03 /* AnalytiCeMNotificatioNameExtension.swift in Sources */ = {isa = PBXBuildFile; fileRef = 939A3CF71EB0AA0400031C03 /* AnalytiCeMNotificatioNameExtension.swift */; };
		93A7D94D1ED105320072C2A2 /* SessionTableViewCell.swift in Sources */ = {isa = PBXBuildFile; fileRef = 93A7D94B1ED105320072C2A2 /* SessionTableViewCell.swift */; };
		93A7D94E1ED105320072C2A2 /* SessionTableViewCell.xib in Resources */ = {isa = PBXBuildFile; fileRef = 93A7D94C1ED105320072C2A2 /* SessionTableViewCell.xib */; };
		93AD2AC81EBBD6FD00803122 /* BounceContentView.swift in Sources */ = {isa = PBXBuildFile; fileRef = 93AD2AC51EBBD6FD00803122 /* BounceContentView.swift */; };
		93AD2AC91EBBD6FD00803122 /* BigContentView.swift in Sources */ = {isa = PBXBuildFile; fileRef = 93AD2AC61EBBD6FD00803122 /* BigContentView.swift */; };
		93B93D491ED232650043BD16 /* DetailViewController.swift in Sources */ = {isa = PBXBuildFile; fileRef = 93B93D471ED232650043BD16 /* DetailViewController.swift */; };
		93B93D4A1ED232650043BD16 /* DetailViewController.xib in Resources */ = {isa = PBXBuildFile; fileRef = 93B93D481ED232650043BD16 /* DetailViewController.xib */; };
		93C0FED21EB551E90035D66A /* DeviceViewController.swift in Sources */ = {isa = PBXBuildFile; fileRef = 93C0FED11EB551E90035D66A /* DeviceViewController.swift */; };
		93C0FED41EB557020035D66A /* DeviceViewController.xib in Resources */ = {isa = PBXBuildFile; fileRef = 93C0FED31EB557020035D66A /* DeviceViewController.xib */; };
		93C6D3541EA375AA00A21FB4 /* SettingsViewController.swift in Sources */ = {isa = PBXBuildFile; fileRef = 93C6D3521EA375AA00A21FB4 /* SettingsViewController.swift */; };
		93C6D3551EA375AA00A21FB4 /* SettingsViewController.xib in Resources */ = {isa = PBXBuildFile; fileRef = 93C6D3531EA375AA00A21FB4 /* SettingsViewController.xib */; };
		93C6D3581EA375D000A21FB4 /* SessionViewController.swift in Sources */ = {isa = PBXBuildFile; fileRef = 93C6D3561EA375D000A21FB4 /* SessionViewController.swift */; };
		93C6D3591EA375D000A21FB4 /* SessionViewController.xib in Resources */ = {isa = PBXBuildFile; fileRef = 93C6D3571EA375D000A21FB4 /* SessionViewController.xib */; };
		93C6D35C1EA3761900A21FB4 /* MainViewController.swift in Sources */ = {isa = PBXBuildFile; fileRef = 93C6D35A1EA3761900A21FB4 /* MainViewController.swift */; };
		93C6D35D1EA3761900A21FB4 /* MainViewController.xib in Resources */ = {isa = PBXBuildFile; fileRef = 93C6D35B1EA3761900A21FB4 /* MainViewController.xib */; };
		93CB36191ED486270033A1CA /* PagingMenuOptions.swift in Sources */ = {isa = PBXBuildFile; fileRef = 93CB36181ED486270033A1CA /* PagingMenuOptions.swift */; };
		93CB361D1ED4881E0033A1CA /* PagingMenuViewController.swift in Sources */ = {isa = PBXBuildFile; fileRef = 93CB361C1ED4881E0033A1CA /* PagingMenuViewController.swift */; };
		93D3373C1EC65CAE00AF7A8E /* HeyUILabel.swift in Sources */ = {isa = PBXBuildFile; fileRef = 93D3373B1EC65CAE00AF7A8E /* HeyUILabel.swift */; };
		93D3373E1EC6645B00AF7A8E /* StartStopSessionUIButton.swift in Sources */ = {isa = PBXBuildFile; fileRef = 93D3373D1EC6645B00AF7A8E /* StartStopSessionUIButton.swift */; };
		93D337401EC67AEB00AF7A8E /* FillRealm.swift in Sources */ = {isa = PBXBuildFile; fileRef = 93D3373F1EC67AEB00AF7A8E /* FillRealm.swift */; };
		93D337421EC67B7600AF7A8E /* MentalState.swift in Sources */ = {isa = PBXBuildFile; fileRef = 93D337411EC67B7600AF7A8E /* MentalState.swift */; };
		93D337441EC67D1200AF7A8E /* ActivityType.swift in Sources */ = {isa = PBXBuildFile; fileRef = 93D337431EC67D1200AF7A8E /* ActivityType.swift */; };
		93D337471EC67DDD00AF7A8E /* NewSessionViewController.swift in Sources */ = {isa = PBXBuildFile; fileRef = 93D337451EC67DDD00AF7A8E /* NewSessionViewController.swift */; };
		93D337481EC67DDD00AF7A8E /* NewSessionViewController.xib in Resources */ = {isa = PBXBuildFile; fileRef = 93D337461EC67DDD00AF7A8E /* NewSessionViewController.xib */; };
		93D3374B1EC6835900AF7A8E /* SessionParametersViewController.swift in Sources */ = {isa = PBXBuildFile; fileRef = 93D337491EC6835900AF7A8E /* SessionParametersViewController.swift */; };
		93D3374C1EC6835900AF7A8E /* SessionParametersViewController.xib in Resources */ = {isa = PBXBuildFile; fileRef = 93D3374A1EC6835900AF7A8E /* SessionParametersViewController.xib */; };
		93E4721B1EC05B1A006C6F9E /* AnalytiCeMUIViewExtension.swift in Sources */ = {isa = PBXBuildFile; fileRef = 93E4721A1EC05B1A006C6F9E /* AnalytiCeMUIViewExtension.swift */; };
		EFEAA179F796F07DAA2643E0 /* Pods_AnalytiCeM.framework in Frameworks */ = {isa = PBXBuildFile; fileRef = DA481F5BA3FC0EB0FE72F433 /* Pods_AnalytiCeM.framework */; };
/* End PBXBuildFile section */

/* Begin PBXFileReference section */
		207AB5D81A51F8A11F7C08F4 /* Pods-AnalytiCeM.release.xcconfig */ = {isa = PBXFileReference; includeInIndex = 1; lastKnownFileType = text.xcconfig; name = "Pods-AnalytiCeM.release.xcconfig"; path = "Pods/Target Support Files/Pods-AnalytiCeM/Pods-AnalytiCeM.release.xcconfig"; sourceTree = "<group>"; };
		55FA2FDC7F83D0417C9D232F /* Pods-AnalytiCeM.debug.xcconfig */ = {isa = PBXFileReference; includeInIndex = 1; lastKnownFileType = text.xcconfig; name = "Pods-AnalytiCeM.debug.xcconfig"; path = "Pods/Target Support Files/Pods-AnalytiCeM/Pods-AnalytiCeM.debug.xcconfig"; sourceTree = "<group>"; };
		932B76751EBF9F8100562FD1 /* ConnectivityManager.swift */ = {isa = PBXFileReference; fileEncoding = 4; lastKnownFileType = sourcecode.swift; path = ConnectivityManager.swift; sourceTree = "<group>"; };
		932B76771EBFAECA00562FD1 /* Keys.plist */ = {isa = PBXFileReference; fileEncoding = 4; lastKnownFileType = text.plist.xml; path = Keys.plist; sourceTree = "<group>"; };
		932B76791EBFB6F700562FD1 /* Weather.swift */ = {isa = PBXFileReference; fileEncoding = 4; lastKnownFileType = sourcecode.swift; path = Weather.swift; sourceTree = "<group>"; };
		932B767B1EBFBE1800562FD1 /* WeatherManager.swift */ = {isa = PBXFileReference; fileEncoding = 4; lastKnownFileType = sourcecode.swift; path = WeatherManager.swift; sourceTree = "<group>"; };
		9331360B1EBA6DF800B90410 /* PasswordManager.swift */ = {isa = PBXFileReference; fileEncoding = 4; lastKnownFileType = sourcecode.swift; path = PasswordManager.swift; sourceTree = "<group>"; };
		9340981D1EB76E780079B7C2 /* User.swift */ = {isa = PBXFileReference; fileEncoding = 4; lastKnownFileType = sourcecode.swift; path = User.swift; sourceTree = "<group>"; };
		934098201EB7786E0079B7C2 /* LoginViewController.swift */ = {isa = PBXFileReference; fileEncoding = 4; lastKnownFileType = sourcecode.swift; path = LoginViewController.swift; sourceTree = "<group>"; };
		934098211EB7786E0079B7C2 /* LoginViewController.xib */ = {isa = PBXFileReference; fileEncoding = 4; lastKnownFileType = file.xib; path = LoginViewController.xib; sourceTree = "<group>"; };
		934098241EB7F1BC0079B7C2 /* RegisterViewController.swift */ = {isa = PBXFileReference; fileEncoding = 4; lastKnownFileType = sourcecode.swift; path = RegisterViewController.swift; sourceTree = "<group>"; };
		934098251EB7F1BD0079B7C2 /* RegisterViewController.xib */ = {isa = PBXFileReference; fileEncoding = 4; lastKnownFileType = file.xib; path = RegisterViewController.xib; sourceTree = "<group>"; };
		9357A0531EC36F1B00C704A8 /* WeatherView.xib */ = {isa = PBXFileReference; fileEncoding = 4; lastKnownFileType = file.xib; path = WeatherView.xib; sourceTree = "<group>"; };
		9357A0561EC36F3400C704A8 /* WeatherView.swift */ = {isa = PBXFileReference; fileEncoding = 4; lastKnownFileType = sourcecode.swift; path = WeatherView.swift; sourceTree = "<group>"; };
		936564D01EB8BADD007F469E /* UserProfileViewController.swift */ = {isa = PBXFileReference; fileEncoding = 4; lastKnownFileType = sourcecode.swift; path = UserProfileViewController.swift; sourceTree = "<group>"; };
		936564D11EB8BADD007F469E /* UserProfileViewController.xib */ = {isa = PBXFileReference; fileEncoding = 4; lastKnownFileType = file.xib; path = UserProfileViewController.xib; sourceTree = "<group>"; };
		9374B30A1E9D80DB00052AA5 /* AnalytiCeM.app */ = {isa = PBXFileReference; explicitFileType = wrapper.application; includeInIndex = 0; path = AnalytiCeM.app; sourceTree = BUILT_PRODUCTS_DIR; };
		9374B30D1E9D80DB00052AA5 /* AppDelegate.swift */ = {isa = PBXFileReference; lastKnownFileType = sourcecode.swift; path = AppDelegate.swift; sourceTree = "<group>"; };
		9374B3141E9D80DB00052AA5 /* Assets.xcassets */ = {isa = PBXFileReference; lastKnownFileType = folder.assetcatalog; path = Assets.xcassets; sourceTree = "<group>"; };
		9374B3171E9D80DB00052AA5 /* Base */ = {isa = PBXFileReference; lastKnownFileType = file.storyboard; name = Base; path = Base.lproj/LaunchScreen.storyboard; sourceTree = "<group>"; };
		9374B3191E9D80DB00052AA5 /* Info.plist */ = {isa = PBXFileReference; lastKnownFileType = text.plist.xml; path = Info.plist; sourceTree = "<group>"; };
		9374B3201E9D81D600052AA5 /* libc++.tbd */ = {isa = PBXFileReference; lastKnownFileType = "sourcecode.text-based-dylib-definition"; name = "libc++.tbd"; path = "usr/lib/libc++.tbd"; sourceTree = SDKROOT; };
		9374B3221E9D81DE00052AA5 /* CoreBluetooth.framework */ = {isa = PBXFileReference; lastKnownFileType = wrapper.framework; name = CoreBluetooth.framework; path = System/Library/Frameworks/CoreBluetooth.framework; sourceTree = SDKROOT; };
		9374B3241E9D820100052AA5 /* Muse.framework */ = {isa = PBXFileReference; lastKnownFileType = wrapper.framework; name = Muse.framework; path = AnalytiCeM/Frameworks/Muse.framework; sourceTree = "<group>"; };
		9374B3261E9D824300052AA5 /* AnalytiCeM-Bridging-Header.h */ = {isa = PBXFileReference; lastKnownFileType = sourcecode.c.h; path = "AnalytiCeM-Bridging-Header.h"; sourceTree = "<group>"; };
		93774D471EAB98D900B11A00 /* Muse.swift */ = {isa = PBXFileReference; fileEncoding = 4; lastKnownFileType = sourcecode.swift; path = Muse.swift; sourceTree = "<group>"; };
		937933BA1EC0AC6A00A1FFE1 /* GPSView.xib */ = {isa = PBXFileReference; fileEncoding = 4; lastKnownFileType = file.xib; name = GPSView.xib; path = AnalytiCeM/View/GPSView.xib; sourceTree = SOURCE_ROOT; };
		937933BC1EC0ADBC00A1FFE1 /* GPSView.swift */ = {isa = PBXFileReference; fileEncoding = 4; lastKnownFileType = sourcecode.swift; name = GPSView.swift; path = AnalytiCeM/View/GPSView.swift; sourceTree = SOURCE_ROOT; };
		937D66A01EA67A0700A8E3DC /* SettingsTableViewCell.xib */ = {isa = PBXFileReference; fileEncoding = 4; lastKnownFileType = file.xib; path = SettingsTableViewCell.xib; sourceTree = "<group>"; };
		937D66A31EA69DF600A8E3DC /* UserViewController.swift */ = {isa = PBXFileReference; fileEncoding = 4; lastKnownFileType = sourcecode.swift; path = UserViewController.swift; sourceTree = "<group>"; };
		937D66A41EA69DF600A8E3DC /* UserViewController.xib */ = {isa = PBXFileReference; fileEncoding = 4; lastKnownFileType = file.xib; path = UserViewController.xib; sourceTree = "<group>"; };
		937D66AD1EA6C85400A8E3DC /* AddMuseViewController.swift */ = {isa = PBXFileReference; fileEncoding = 4; lastKnownFileType = sourcecode.swift; path = AddMuseViewController.swift; sourceTree = "<group>"; };
		937D66AE1EA6C85400A8E3DC /* AddMuseViewController.xib */ = {isa = PBXFileReference; fileEncoding = 4; lastKnownFileType = file.xib; path = AddMuseViewController.xib; sourceTree = "<group>"; };
		937D66B11EA6CF4F00A8E3DC /* AddMuseTableViewCell.swift */ = {isa = PBXFileReference; fileEncoding = 4; lastKnownFileType = sourcecode.swift; path = AddMuseTableViewCell.swift; sourceTree = "<group>"; };
		937D66B21EA6CF4F00A8E3DC /* AddMuseTableViewCell.xib */ = {isa = PBXFileReference; fileEncoding = 4; lastKnownFileType = file.xib; path = AddMuseTableViewCell.xib; sourceTree = "<group>"; };
		938D77241EC7B321005C707A /* Activity.swift */ = {isa = PBXFileReference; fileEncoding = 4; lastKnownFileType = sourcecode.swift; path = Activity.swift; sourceTree = "<group>"; };
		938D77261EC7BA6F005C707A /* GPS.swift */ = {isa = PBXFileReference; fileEncoding = 4; lastKnownFileType = sourcecode.swift; path = GPS.swift; sourceTree = "<group>"; };
		938D77281EC7BB3E005C707A /* Data.swift */ = {isa = PBXFileReference; fileEncoding = 4; lastKnownFileType = sourcecode.swift; path = Data.swift; sourceTree = "<group>"; };
		938D772A1EC7BDC4005C707A /* Session.swift */ = {isa = PBXFileReference; fileEncoding = 4; lastKnownFileType = sourcecode.swift; path = Session.swift; sourceTree = "<group>"; };
		938F222B1EBF2B9000FF5C70 /* OWMManager.swift */ = {isa = PBXFileReference; fileEncoding = 4; lastKnownFileType = sourcecode.swift; path = OWMManager.swift; sourceTree = "<group>"; };
		939085B91EA22610007495D1 /* EEGSnapshot.swift */ = {isa = PBXFileReference; fileEncoding = 4; lastKnownFileType = sourcecode.swift; path = EEGSnapshot.swift; sourceTree = "<group>"; };
		939085BB1EA270CE007495D1 /* WaveView.swift */ = {isa = PBXFileReference; fileEncoding = 4; lastKnownFileType = sourcecode.swift; path = WaveView.swift; sourceTree = "<group>"; };
		9399F9B71EBE561D00736206 /* Theme.swift */ = {isa = PBXFileReference; fileEncoding = 4; lastKnownFileType = sourcecode.swift; path = Theme.swift; sourceTree = "<group>"; };
		939A3CF21EB09D1700031C03 /* BluetoothStatusManager.swift */ = {isa = PBXFileReference; fileEncoding = 4; lastKnownFileType = sourcecode.swift; path = BluetoothStatusManager.swift; sourceTree = "<group>"; };
		939A3CF51EB0A54A00031C03 /* AnalytiCeMViewControllerExtension.swift */ = {isa = PBXFileReference; fileEncoding = 4; lastKnownFileType = sourcecode.swift; path = AnalytiCeMViewControllerExtension.swift; sourceTree = "<group>"; };
		939A3CF71EB0AA0400031C03 /* AnalytiCeMNotificatioNameExtension.swift */ = {isa = PBXFileReference; fileEncoding = 4; lastKnownFileType = sourcecode.swift; path = AnalytiCeMNotificatioNameExtension.swift; sourceTree = "<group>"; };
		93A7D94B1ED105320072C2A2 /* SessionTableViewCell.swift */ = {isa = PBXFileReference; fileEncoding = 4; lastKnownFileType = sourcecode.swift; path = SessionTableViewCell.swift; sourceTree = "<group>"; };
		93A7D94C1ED105320072C2A2 /* SessionTableViewCell.xib */ = {isa = PBXFileReference; fileEncoding = 4; lastKnownFileType = file.xib; path = SessionTableViewCell.xib; sourceTree = "<group>"; };
		93AD2AC51EBBD6FD00803122 /* BounceContentView.swift */ = {isa = PBXFileReference; fileEncoding = 4; lastKnownFileType = sourcecode.swift; path = BounceContentView.swift; sourceTree = "<group>"; };
		93AD2AC61EBBD6FD00803122 /* BigContentView.swift */ = {isa = PBXFileReference; fileEncoding = 4; lastKnownFileType = sourcecode.swift; path = BigContentView.swift; sourceTree = "<group>"; };
		93B93D471ED232650043BD16 /* DetailViewController.swift */ = {isa = PBXFileReference; fileEncoding = 4; lastKnownFileType = sourcecode.swift; path = DetailViewController.swift; sourceTree = "<group>"; };
		93B93D481ED232650043BD16 /* DetailViewController.xib */ = {isa = PBXFileReference; fileEncoding = 4; lastKnownFileType = file.xib; path = DetailViewController.xib; sourceTree = "<group>"; };
		93C0FED11EB551E90035D66A /* DeviceViewController.swift */ = {isa = PBXFileReference; fileEncoding = 4; lastKnownFileType = sourcecode.swift; path = DeviceViewController.swift; sourceTree = "<group>"; };
		93C0FED31EB557020035D66A /* DeviceViewController.xib */ = {isa = PBXFileReference; fileEncoding = 4; lastKnownFileType = file.xib; path = DeviceViewController.xib; sourceTree = "<group>"; };
		93C6D3521EA375AA00A21FB4 /* SettingsViewController.swift */ = {isa = PBXFileReference; fileEncoding = 4; lastKnownFileType = sourcecode.swift; path = SettingsViewController.swift; sourceTree = "<group>"; };
		93C6D3531EA375AA00A21FB4 /* SettingsViewController.xib */ = {isa = PBXFileReference; fileEncoding = 4; lastKnownFileType = file.xib; path = SettingsViewController.xib; sourceTree = "<group>"; };
		93C6D3561EA375D000A21FB4 /* SessionViewController.swift */ = {isa = PBXFileReference; fileEncoding = 4; lastKnownFileType = sourcecode.swift; path = SessionViewController.swift; sourceTree = "<group>"; };
		93C6D3571EA375D000A21FB4 /* SessionViewController.xib */ = {isa = PBXFileReference; fileEncoding = 4; lastKnownFileType = file.xib; path = SessionViewController.xib; sourceTree = "<group>"; };
		93C6D35A1EA3761900A21FB4 /* MainViewController.swift */ = {isa = PBXFileReference; fileEncoding = 4; lastKnownFileType = sourcecode.swift; path = MainViewController.swift; sourceTree = "<group>"; };
		93C6D35B1EA3761900A21FB4 /* MainViewController.xib */ = {isa = PBXFileReference; fileEncoding = 4; lastKnownFileType = file.xib; path = MainViewController.xib; sourceTree = "<group>"; };
		93CB36181ED486270033A1CA /* PagingMenuOptions.swift */ = {isa = PBXFileReference; fileEncoding = 4; lastKnownFileType = sourcecode.swift; path = PagingMenuOptions.swift; sourceTree = "<group>"; };
		93CB361C1ED4881E0033A1CA /* PagingMenuViewController.swift */ = {isa = PBXFileReference; fileEncoding = 4; lastKnownFileType = sourcecode.swift; path = PagingMenuViewController.swift; sourceTree = "<group>"; };
		93D3373B1EC65CAE00AF7A8E /* HeyUILabel.swift */ = {isa = PBXFileReference; fileEncoding = 4; lastKnownFileType = sourcecode.swift; path = HeyUILabel.swift; sourceTree = "<group>"; };
		93D3373D1EC6645B00AF7A8E /* StartStopSessionUIButton.swift */ = {isa = PBXFileReference; fileEncoding = 4; lastKnownFileType = sourcecode.swift; path = StartStopSessionUIButton.swift; sourceTree = "<group>"; };
		93D3373F1EC67AEB00AF7A8E /* FillRealm.swift */ = {isa = PBXFileReference; fileEncoding = 4; lastKnownFileType = sourcecode.swift; path = FillRealm.swift; sourceTree = "<group>"; };
		93D337411EC67B7600AF7A8E /* MentalState.swift */ = {isa = PBXFileReference; fileEncoding = 4; lastKnownFileType = sourcecode.swift; path = MentalState.swift; sourceTree = "<group>"; };
		93D337431EC67D1200AF7A8E /* ActivityType.swift */ = {isa = PBXFileReference; fileEncoding = 4; lastKnownFileType = sourcecode.swift; path = ActivityType.swift; sourceTree = "<group>"; };
		93D337451EC67DDD00AF7A8E /* NewSessionViewController.swift */ = {isa = PBXFileReference; fileEncoding = 4; lastKnownFileType = sourcecode.swift; path = NewSessionViewController.swift; sourceTree = "<group>"; };
		93D337461EC67DDD00AF7A8E /* NewSessionViewController.xib */ = {isa = PBXFileReference; fileEncoding = 4; lastKnownFileType = file.xib; path = NewSessionViewController.xib; sourceTree = "<group>"; };
		93D337491EC6835900AF7A8E /* SessionParametersViewController.swift */ = {isa = PBXFileReference; fileEncoding = 4; lastKnownFileType = sourcecode.swift; path = SessionParametersViewController.swift; sourceTree = "<group>"; };
		93D3374A1EC6835900AF7A8E /* SessionParametersViewController.xib */ = {isa = PBXFileReference; fileEncoding = 4; lastKnownFileType = file.xib; path = SessionParametersViewController.xib; sourceTree = "<group>"; };
		93E4721A1EC05B1A006C6F9E /* AnalytiCeMUIViewExtension.swift */ = {isa = PBXFileReference; fileEncoding = 4; lastKnownFileType = sourcecode.swift; name = AnalytiCeMUIViewExtension.swift; path = AnalytiCeM/View/AnalytiCeMUIViewExtension.swift; sourceTree = SOURCE_ROOT; };
		DA481F5BA3FC0EB0FE72F433 /* Pods_AnalytiCeM.framework */ = {isa = PBXFileReference; explicitFileType = wrapper.framework; includeInIndex = 0; path = Pods_AnalytiCeM.framework; sourceTree = BUILT_PRODUCTS_DIR; };
/* End PBXFileReference section */

/* Begin PBXFrameworksBuildPhase section */
		9374B3071E9D80DB00052AA5 /* Frameworks */ = {
			isa = PBXFrameworksBuildPhase;
			buildActionMask = 2147483647;
			files = (
				9374B3231E9D81DE00052AA5 /* CoreBluetooth.framework in Frameworks */,
				9374B3251E9D820100052AA5 /* Muse.framework in Frameworks */,
				9374B3211E9D81D600052AA5 /* libc++.tbd in Frameworks */,
				EFEAA179F796F07DAA2643E0 /* Pods_AnalytiCeM.framework in Frameworks */,
			);
			runOnlyForDeploymentPostprocessing = 0;
		};
/* End PBXFrameworksBuildPhase section */

/* Begin PBXGroup section */
		3E5FBE26322AFFC71FD35E42 /* Pods */ = {
			isa = PBXGroup;
			children = (
				55FA2FDC7F83D0417C9D232F /* Pods-AnalytiCeM.debug.xcconfig */,
				207AB5D81A51F8A11F7C08F4 /* Pods-AnalytiCeM.release.xcconfig */,
			);
			name = Pods;
			sourceTree = "<group>";
		};
		9340981F1EB7778E0079B7C2 /* Login */ = {
			isa = PBXGroup;
			children = (
				934098201EB7786E0079B7C2 /* LoginViewController.swift */,
				934098211EB7786E0079B7C2 /* LoginViewController.xib */,
				934098241EB7F1BC0079B7C2 /* RegisterViewController.swift */,
				936564D01EB8BADD007F469E /* UserProfileViewController.swift */,
				936564D11EB8BADD007F469E /* UserProfileViewController.xib */,
				934098251EB7F1BD0079B7C2 /* RegisterViewController.xib */,
			);
			path = Login;
			sourceTree = "<group>";
		};
		9357A0551EC36F1F00C704A8 /* Weather */ = {
			isa = PBXGroup;
			children = (
				9357A0531EC36F1B00C704A8 /* WeatherView.xib */,
				9357A0561EC36F3400C704A8 /* WeatherView.swift */,
			);
			name = Weather;
			sourceTree = "<group>";
		};
		9374B3011E9D80DB00052AA5 = {
			isa = PBXGroup;
			children = (
				9374B30C1E9D80DB00052AA5 /* AnalytiCeM */,
				9374B31F1E9D81D600052AA5 /* Frameworks */,
				3E5FBE26322AFFC71FD35E42 /* Pods */,
				9374B30B1E9D80DB00052AA5 /* Products */,
			);
			sourceTree = "<group>";
		};
		9374B30B1E9D80DB00052AA5 /* Products */ = {
			isa = PBXGroup;
			children = (
				9374B30A1E9D80DB00052AA5 /* AnalytiCeM.app */,
			);
			name = Products;
			sourceTree = "<group>";
		};
		9374B30C1E9D80DB00052AA5 /* AnalytiCeM */ = {
			isa = PBXGroup;
			children = (
				9382376E1EA3C70100CE8D1E /* Controller */,
				9382376F1EA3C75600CE8D1E /* Data */,
				938237701EA3C76100CE8D1E /* View */,
				9374B3261E9D824300052AA5 /* AnalytiCeM-Bridging-Header.h */,
				9374B30D1E9D80DB00052AA5 /* AppDelegate.swift */,
				9374B3191E9D80DB00052AA5 /* Info.plist */,
				932B76771EBFAECA00562FD1 /* Keys.plist */,
			);
			path = AnalytiCeM;
			sourceTree = "<group>";
		};
		9374B31F1E9D81D600052AA5 /* Frameworks */ = {
			isa = PBXGroup;
			children = (
				9374B3241E9D820100052AA5 /* Muse.framework */,
				9374B3221E9D81DE00052AA5 /* CoreBluetooth.framework */,
				9374B3201E9D81D600052AA5 /* libc++.tbd */,
				DA481F5BA3FC0EB0FE72F433 /* Pods_AnalytiCeM.framework */,
			);
			name = Frameworks;
			sourceTree = "<group>";
		};
		937933B61EC09B8100A1FFE1 /* Main */ = {
			isa = PBXGroup;
			children = (
				93C6D35A1EA3761900A21FB4 /* MainViewController.swift */,
				93C6D35B1EA3761900A21FB4 /* MainViewController.xib */,
				93D3373B1EC65CAE00AF7A8E /* HeyUILabel.swift */,
				93D3373D1EC6645B00AF7A8E /* StartStopSessionUIButton.swift */,
				93D337451EC67DDD00AF7A8E /* NewSessionViewController.swift */,
				93D337461EC67DDD00AF7A8E /* NewSessionViewController.xib */,
				93D337491EC6835900AF7A8E /* SessionParametersViewController.swift */,
				93D3374A1EC6835900AF7A8E /* SessionParametersViewController.xib */,
			);
			name = Main;
			sourceTree = "<group>";
		};
		937933B71EC09B9100A1FFE1 /* Session */ = {
			isa = PBXGroup;
			children = (
				93C6D3561EA375D000A21FB4 /* SessionViewController.swift */,
				93CB36181ED486270033A1CA /* PagingMenuOptions.swift */,
				93B93D471ED232650043BD16 /* DetailViewController.swift */,
				93CB361C1ED4881E0033A1CA /* PagingMenuViewController.swift */,
				93B93D481ED232650043BD16 /* DetailViewController.xib */,
				93C6D3571EA375D000A21FB4 /* SessionViewController.xib */,
				93A7D94B1ED105320072C2A2 /* SessionTableViewCell.swift */,
				93A7D94C1ED105320072C2A2 /* SessionTableViewCell.xib */,
			);
			name = Session;
			sourceTree = "<group>";
		};
		937933B81EC0AA2900A1FFE1 /* GPS */ = {
			isa = PBXGroup;
			children = (
				937933BA1EC0AC6A00A1FFE1 /* GPSView.xib */,
				937933BC1EC0ADBC00A1FFE1 /* GPSView.swift */,
			);
			name = GPS;
			path = ../Controller;
			sourceTree = "<group>";
		};
		937D66A21EA69B4E00A8E3DC /* Settings */ = {
			isa = PBXGroup;
			children = (
				937D66AC1EA6C82500A8E3DC /* Device */,
				937D66A01EA67A0700A8E3DC /* SettingsTableViewCell.xib */,
				93C6D3521EA375AA00A21FB4 /* SettingsViewController.swift */,
				93C6D3531EA375AA00A21FB4 /* SettingsViewController.xib */,
				937D66A31EA69DF600A8E3DC /* UserViewController.swift */,
				937D66A41EA69DF600A8E3DC /* UserViewController.xib */,
			);
			path = Settings;
			sourceTree = "<group>";
		};
		937D66AC1EA6C82500A8E3DC /* Device */ = {
			isa = PBXGroup;
			children = (
				937D66B11EA6CF4F00A8E3DC /* AddMuseTableViewCell.swift */,
				937D66B21EA6CF4F00A8E3DC /* AddMuseTableViewCell.xib */,
				937D66AD1EA6C85400A8E3DC /* AddMuseViewController.swift */,
				937D66AE1EA6C85400A8E3DC /* AddMuseViewController.xib */,
				93C0FED11EB551E90035D66A /* DeviceViewController.swift */,
				93C0FED31EB557020035D66A /* DeviceViewController.xib */,
			);
			path = Device;
			sourceTree = "<group>";
		};
		9382376E1EA3C70100CE8D1E /* Controller */ = {
			isa = PBXGroup;
			children = (
				937933B71EC09B9100A1FFE1 /* Session */,
				937933B61EC09B8100A1FFE1 /* Main */,
				9340981F1EB7778E0079B7C2 /* Login */,
				937D66A21EA69B4E00A8E3DC /* Settings */,
				939A3CF71EB0AA0400031C03 /* AnalytiCeMNotificatioNameExtension.swift */,
				939A3CF51EB0A54A00031C03 /* AnalytiCeMViewControllerExtension.swift */,
			);
			path = Controller;
			sourceTree = "<group>";
		};
		9382376F1EA3C75600CE8D1E /* Data */ = {
			isa = PBXGroup;
			children = (
				939A3CF21EB09D1700031C03 /* BluetoothStatusManager.swift */,
				9331360B1EBA6DF800B90410 /* PasswordManager.swift */,
				939085B91EA22610007495D1 /* EEGSnapshot.swift */,
				93774D471EAB98D900B11A00 /* Muse.swift */,
				932B76791EBFB6F700562FD1 /* Weather.swift */,
				938D77261EC7BA6F005C707A /* GPS.swift */,
				938D77281EC7BB3E005C707A /* Data.swift */,
				9340981D1EB76E780079B7C2 /* User.swift */,
				938D772A1EC7BDC4005C707A /* Session.swift */,
				938F222B1EBF2B9000FF5C70 /* OWMManager.swift */,
				932B76751EBF9F8100562FD1 /* ConnectivityManager.swift */,
				932B767B1EBFBE1800562FD1 /* WeatherManager.swift */,
				93D3373F1EC67AEB00AF7A8E /* FillRealm.swift */,
				93D337411EC67B7600AF7A8E /* MentalState.swift */,
				93D337431EC67D1200AF7A8E /* ActivityType.swift */,
				938D77241EC7B321005C707A /* Activity.swift */,
			);
			path = Data;
			sourceTree = "<group>";
		};
		938237701EA3C76100CE8D1E /* View */ = {
			isa = PBXGroup;
			children = (
				9357A0551EC36F1F00C704A8 /* Weather */,
				937933B81EC0AA2900A1FFE1 /* GPS */,
				93E4721A1EC05B1A006C6F9E /* AnalytiCeMUIViewExtension.swift */,
				93AD2ACA1EBBD70500803122 /* TabBar */,
				9374B3141E9D80DB00052AA5 /* Assets.xcassets */,
				9374B3161E9D80DB00052AA5 /* LaunchScreen.storyboard */,
				939085BB1EA270CE007495D1 /* WaveView.swift */,
				9399F9B71EBE561D00736206 /* Theme.swift */,
			);
			path = View;
			sourceTree = "<group>";
		};
		93AD2ACA1EBBD70500803122 /* TabBar */ = {
			isa = PBXGroup;
			children = (
				93AD2AC51EBBD6FD00803122 /* BounceContentView.swift */,
				93AD2AC61EBBD6FD00803122 /* BigContentView.swift */,
			);
			name = TabBar;
			sourceTree = "<group>";
		};
/* End PBXGroup section */

/* Begin PBXNativeTarget section */
		9374B3091E9D80DB00052AA5 /* AnalytiCeM */ = {
			isa = PBXNativeTarget;
			buildConfigurationList = 9374B31C1E9D80DB00052AA5 /* Build configuration list for PBXNativeTarget "AnalytiCeM" */;
			buildPhases = (
				1A70AC6CBB6744DCE4D202F2 /* [CP] Check Pods Manifest.lock */,
				9374B3061E9D80DB00052AA5 /* Sources */,
				9374B3071E9D80DB00052AA5 /* Frameworks */,
				9374B3081E9D80DB00052AA5 /* Resources */,
				925F84C3F1C6D14E8371C7DA /* [CP] Embed Pods Frameworks */,
				02602D861508DDE7E247DB2E /* [CP] Copy Pods Resources */,
			);
			buildRules = (
			);
			dependencies = (
			);
			name = AnalytiCeM;
			productName = AnalytiCeM;
			productReference = 9374B30A1E9D80DB00052AA5 /* AnalytiCeM.app */;
			productType = "com.apple.product-type.application";
		};
/* End PBXNativeTarget section */

/* Begin PBXProject section */
		9374B3021E9D80DB00052AA5 /* Project object */ = {
			isa = PBXProject;
			attributes = {
				LastSwiftUpdateCheck = 0830;
				LastUpgradeCheck = 0830;
				ORGANIZATIONNAME = Polytech;
				TargetAttributes = {
					9374B3091E9D80DB00052AA5 = {
						CreatedOnToolsVersion = 8.3.1;
						DevelopmentTeam = 6PRG74AB66;
						LastSwiftMigration = 0830;
						ProvisioningStyle = Automatic;
					};
				};
			};
			buildConfigurationList = 9374B3051E9D80DB00052AA5 /* Build configuration list for PBXProject "AnalytiCeM" */;
			compatibilityVersion = "Xcode 3.2";
			developmentRegion = English;
			hasScannedForEncodings = 0;
			knownRegions = (
				en,
				Base,
			);
			mainGroup = 9374B3011E9D80DB00052AA5;
			productRefGroup = 9374B30B1E9D80DB00052AA5 /* Products */;
			projectDirPath = "";
			projectRoot = "";
			targets = (
				9374B3091E9D80DB00052AA5 /* AnalytiCeM */,
			);
		};
/* End PBXProject section */

/* Begin PBXResourcesBuildPhase section */
		9374B3081E9D80DB00052AA5 /* Resources */ = {
			isa = PBXResourcesBuildPhase;
			buildActionMask = 2147483647;
			files = (
				937D66A61EA69DF600A8E3DC /* UserViewController.xib in Resources */,
				937933BB1EC0AC6A00A1FFE1 /* GPSView.xib in Resources */,
				937D66B01EA6C85400A8E3DC /* AddMuseViewController.xib in Resources */,
				934098231EB7786F0079B7C2 /* LoginViewController.xib in Resources */,
				9374B3181E9D80DB00052AA5 /* LaunchScreen.storyboard in Resources */,
				93D3374C1EC6835900AF7A8E /* SessionParametersViewController.xib in Resources */,
				9357A0541EC36F1B00C704A8 /* WeatherView.xib in Resources */,
				93B93D4A1ED232650043BD16 /* DetailViewController.xib in Resources */,
				932B76781EBFAECA00562FD1 /* Keys.plist in Resources */,
				93D337481EC67DDD00AF7A8E /* NewSessionViewController.xib in Resources */,
				93C0FED41EB557020035D66A /* DeviceViewController.xib in Resources */,
				937D66A11EA67A0700A8E3DC /* SettingsTableViewCell.xib in Resources */,
				936564D31EB8BADD007F469E /* UserProfileViewController.xib in Resources */,
				937D66B41EA6CF4F00A8E3DC /* AddMuseTableViewCell.xib in Resources */,
				9374B3151E9D80DB00052AA5 /* Assets.xcassets in Resources */,
				93C6D3591EA375D000A21FB4 /* SessionViewController.xib in Resources */,
				93C6D35D1EA3761900A21FB4 /* MainViewController.xib in Resources */,
				93C6D3551EA375AA00A21FB4 /* SettingsViewController.xib in Resources */,
				934098271EB7F1BD0079B7C2 /* RegisterViewController.xib in Resources */,
				93A7D94E1ED105320072C2A2 /* SessionTableViewCell.xib in Resources */,
			);
			runOnlyForDeploymentPostprocessing = 0;
		};
/* End PBXResourcesBuildPhase section */

/* Begin PBXShellScriptBuildPhase section */
		02602D861508DDE7E247DB2E /* [CP] Copy Pods Resources */ = {
			isa = PBXShellScriptBuildPhase;
			buildActionMask = 2147483647;
			files = (
			);
			inputPaths = (
			);
			name = "[CP] Copy Pods Resources";
			outputPaths = (
			);
			runOnlyForDeploymentPostprocessing = 0;
			shellPath = /bin/sh;
			shellScript = "\"${SRCROOT}/Pods/Target Support Files/Pods-AnalytiCeM/Pods-AnalytiCeM-resources.sh\"\n";
			showEnvVarsInLog = 0;
		};
		1A70AC6CBB6744DCE4D202F2 /* [CP] Check Pods Manifest.lock */ = {
			isa = PBXShellScriptBuildPhase;
			buildActionMask = 2147483647;
			files = (
			);
			inputPaths = (
			);
			name = "[CP] Check Pods Manifest.lock";
			outputPaths = (
			);
			runOnlyForDeploymentPostprocessing = 0;
			shellPath = /bin/sh;
			shellScript = "diff \"${PODS_PODFILE_DIR_PATH}/Podfile.lock\" \"${PODS_ROOT}/Manifest.lock\" > /dev/null\nif [ $? != 0 ] ; then\n    # print error to STDERR\n    echo \"error: The sandbox is not in sync with the Podfile.lock. Run 'pod install' or update your CocoaPods installation.\" >&2\n    exit 1\nfi\n";
			showEnvVarsInLog = 0;
		};
		925F84C3F1C6D14E8371C7DA /* [CP] Embed Pods Frameworks */ = {
			isa = PBXShellScriptBuildPhase;
			buildActionMask = 2147483647;
			files = (
			);
			inputPaths = (
			);
			name = "[CP] Embed Pods Frameworks";
			outputPaths = (
			);
			runOnlyForDeploymentPostprocessing = 0;
			shellPath = /bin/sh;
			shellScript = "\"${SRCROOT}/Pods/Target Support Files/Pods-AnalytiCeM/Pods-AnalytiCeM-frameworks.sh\"\n";
			showEnvVarsInLog = 0;
		};
/* End PBXShellScriptBuildPhase section */

/* Begin PBXSourcesBuildPhase section */
		9374B3061E9D80DB00052AA5 /* Sources */ = {
			isa = PBXSourcesBuildPhase;
			buildActionMask = 2147483647;
			files = (
				93774D481EAB98D900B11A00 /* Muse.swift in Sources */,
				939085BC1EA270CE007495D1 /* WaveView.swift in Sources */,
				93D337401EC67AEB00AF7A8E /* FillRealm.swift in Sources */,
				937D66A51EA69DF600A8E3DC /* UserViewController.swift in Sources */,
				937D66AF1EA6C85400A8E3DC /* AddMuseViewController.swift in Sources */,
				937933BD1EC0ADBC00A1FFE1 /* GPSView.swift in Sources */,
				938D77271EC7BA6F005C707A /* GPS.swift in Sources */,
				93D3373C1EC65CAE00AF7A8E /* HeyUILabel.swift in Sources */,
				93D337421EC67B7600AF7A8E /* MentalState.swift in Sources */,
				93D337471EC67DDD00AF7A8E /* NewSessionViewController.swift in Sources */,
				932B767C1EBFBE1800562FD1 /* WeatherManager.swift in Sources */,
				939085BA1EA22610007495D1 /* EEGSnapshot.swift in Sources */,
				938D77251EC7B321005C707A /* Activity.swift in Sources */,
				93D3374B1EC6835900AF7A8E /* SessionParametersViewController.swift in Sources */,
				93CB36191ED486270033A1CA /* PagingMenuOptions.swift in Sources */,
				93E4721B1EC05B1A006C6F9E /* AnalytiCeMUIViewExtension.swift in Sources */,
				93C0FED21EB551E90035D66A /* DeviceViewController.swift in Sources */,
				932B76761EBF9F8100562FD1 /* ConnectivityManager.swift in Sources */,
				93C6D3581EA375D000A21FB4 /* SessionViewController.swift in Sources */,
				936564D21EB8BADD007F469E /* UserProfileViewController.swift in Sources */,
				9374B30E1E9D80DB00052AA5 /* AppDelegate.swift in Sources */,
				938D772B1EC7BDC4005C707A /* Session.swift in Sources */,
				9331360C1EBA6DF800B90410 /* PasswordManager.swift in Sources */,
				9357A0571EC36F3400C704A8 /* WeatherView.swift in Sources */,
				93AD2AC91EBBD6FD00803122 /* BigContentView.swift in Sources */,
				93A7D94D1ED105320072C2A2 /* SessionTableViewCell.swift in Sources */,
				938F222C1EBF2B9000FF5C70 /* OWMManager.swift in Sources */,
				93AD2AC81EBBD6FD00803122 /* BounceContentView.swift in Sources */,
				93B93D491ED232650043BD16 /* DetailViewController.swift in Sources */,
				932B767A1EBFB6F700562FD1 /* Weather.swift in Sources */,
				9340981E1EB76E780079B7C2 /* User.swift in Sources */,
				93CB361D1ED4881E0033A1CA /* PagingMenuViewController.swift in Sources */,
				93D3373E1EC6645B00AF7A8E /* StartStopSessionUIButton.swift in Sources */,
				939A3CF81EB0AA0400031C03 /* AnalytiCeMNotificatioNameExtension.swift in Sources */,
				93C6D3541EA375AA00A21FB4 /* SettingsViewController.swift in Sources */,
				9399F9B81EBE561D00736206 /* Theme.swift in Sources */,
				937D66B31EA6CF4F00A8E3DC /* AddMuseTableViewCell.swift in Sources */,
				93D337441EC67D1200AF7A8E /* ActivityType.swift in Sources */,
				934098221EB7786F0079B7C2 /* LoginViewController.swift in Sources */,
				938D77291EC7BB3E005C707A /* Data.swift in Sources */,
				934098261EB7F1BD0079B7C2 /* RegisterViewController.swift in Sources */,
				939A3CF61EB0A54A00031C03 /* AnalytiCeMViewControllerExtension.swift in Sources */,
				93C6D35C1EA3761900A21FB4 /* MainViewController.swift in Sources */,
				939A3CF31EB09D1700031C03 /* BluetoothStatusManager.swift in Sources */,
			);
			runOnlyForDeploymentPostprocessing = 0;
		};
/* End PBXSourcesBuildPhase section */

/* Begin PBXVariantGroup section */
		9374B3161E9D80DB00052AA5 /* LaunchScreen.storyboard */ = {
			isa = PBXVariantGroup;
			children = (
				9374B3171E9D80DB00052AA5 /* Base */,
			);
			name = LaunchScreen.storyboard;
			path = .;
			sourceTree = "<group>";
		};
/* End PBXVariantGroup section */

/* Begin XCBuildConfiguration section */
		9374B31A1E9D80DB00052AA5 /* Debug */ = {
			isa = XCBuildConfiguration;
			buildSettings = {
				ALWAYS_SEARCH_USER_PATHS = NO;
				CLANG_ANALYZER_NONNULL = YES;
				CLANG_ANALYZER_NUMBER_OBJECT_CONVERSION = YES_AGGRESSIVE;
				CLANG_CXX_LANGUAGE_STANDARD = "gnu++0x";
				CLANG_CXX_LIBRARY = "libc++";
				CLANG_ENABLE_MODULES = YES;
				CLANG_ENABLE_OBJC_ARC = YES;
				CLANG_WARN_BOOL_CONVERSION = YES;
				CLANG_WARN_CONSTANT_CONVERSION = YES;
				CLANG_WARN_DIRECT_OBJC_ISA_USAGE = YES_ERROR;
				CLANG_WARN_DOCUMENTATION_COMMENTS = YES;
				CLANG_WARN_EMPTY_BODY = YES;
				CLANG_WARN_ENUM_CONVERSION = YES;
				CLANG_WARN_INFINITE_RECURSION = YES;
				CLANG_WARN_INT_CONVERSION = YES;
				CLANG_WARN_OBJC_ROOT_CLASS = YES_ERROR;
				CLANG_WARN_SUSPICIOUS_MOVE = YES;
				CLANG_WARN_UNREACHABLE_CODE = YES;
				CLANG_WARN__DUPLICATE_METHOD_MATCH = YES;
				"CODE_SIGN_IDENTITY[sdk=iphoneos*]" = "iPhone Developer";
				COPY_PHASE_STRIP = NO;
				DEBUG_INFORMATION_FORMAT = dwarf;
				ENABLE_STRICT_OBJC_MSGSEND = YES;
				ENABLE_TESTABILITY = YES;
				GCC_C_LANGUAGE_STANDARD = gnu99;
				GCC_DYNAMIC_NO_PIC = NO;
				GCC_NO_COMMON_BLOCKS = YES;
				GCC_OPTIMIZATION_LEVEL = 0;
				GCC_PREPROCESSOR_DEFINITIONS = (
					"DEBUG=1",
					"$(inherited)",
				);
				GCC_WARN_64_TO_32_BIT_CONVERSION = YES;
				GCC_WARN_ABOUT_RETURN_TYPE = YES_ERROR;
				GCC_WARN_UNDECLARED_SELECTOR = YES;
				GCC_WARN_UNINITIALIZED_AUTOS = YES_AGGRESSIVE;
				GCC_WARN_UNUSED_FUNCTION = YES;
				GCC_WARN_UNUSED_VARIABLE = YES;
				IPHONEOS_DEPLOYMENT_TARGET = 10.3;
				MTL_ENABLE_DEBUG_INFO = YES;
				ONLY_ACTIVE_ARCH = YES;
				SDKROOT = iphoneos;
				SWIFT_ACTIVE_COMPILATION_CONDITIONS = DEBUG;
				SWIFT_OPTIMIZATION_LEVEL = "-Onone";
			};
			name = Debug;
		};
		9374B31B1E9D80DB00052AA5 /* Release */ = {
			isa = XCBuildConfiguration;
			buildSettings = {
				ALWAYS_SEARCH_USER_PATHS = NO;
				CLANG_ANALYZER_NONNULL = YES;
				CLANG_ANALYZER_NUMBER_OBJECT_CONVERSION = YES_AGGRESSIVE;
				CLANG_CXX_LANGUAGE_STANDARD = "gnu++0x";
				CLANG_CXX_LIBRARY = "libc++";
				CLANG_ENABLE_MODULES = YES;
				CLANG_ENABLE_OBJC_ARC = YES;
				CLANG_WARN_BOOL_CONVERSION = YES;
				CLANG_WARN_CONSTANT_CONVERSION = YES;
				CLANG_WARN_DIRECT_OBJC_ISA_USAGE = YES_ERROR;
				CLANG_WARN_DOCUMENTATION_COMMENTS = YES;
				CLANG_WARN_EMPTY_BODY = YES;
				CLANG_WARN_ENUM_CONVERSION = YES;
				CLANG_WARN_INFINITE_RECURSION = YES;
				CLANG_WARN_INT_CONVERSION = YES;
				CLANG_WARN_OBJC_ROOT_CLASS = YES_ERROR;
				CLANG_WARN_SUSPICIOUS_MOVE = YES;
				CLANG_WARN_UNREACHABLE_CODE = YES;
				CLANG_WARN__DUPLICATE_METHOD_MATCH = YES;
				"CODE_SIGN_IDENTITY[sdk=iphoneos*]" = "iPhone Developer";
				COPY_PHASE_STRIP = NO;
				DEBUG_INFORMATION_FORMAT = "dwarf-with-dsym";
				ENABLE_NS_ASSERTIONS = NO;
				ENABLE_STRICT_OBJC_MSGSEND = YES;
				GCC_C_LANGUAGE_STANDARD = gnu99;
				GCC_NO_COMMON_BLOCKS = YES;
				GCC_WARN_64_TO_32_BIT_CONVERSION = YES;
				GCC_WARN_ABOUT_RETURN_TYPE = YES_ERROR;
				GCC_WARN_UNDECLARED_SELECTOR = YES;
				GCC_WARN_UNINITIALIZED_AUTOS = YES_AGGRESSIVE;
				GCC_WARN_UNUSED_FUNCTION = YES;
				GCC_WARN_UNUSED_VARIABLE = YES;
				IPHONEOS_DEPLOYMENT_TARGET = 10.3;
				MTL_ENABLE_DEBUG_INFO = NO;
				SDKROOT = iphoneos;
				SWIFT_OPTIMIZATION_LEVEL = "-Owholemodule";
				VALIDATE_PRODUCT = YES;
			};
			name = Release;
		};
		9374B31D1E9D80DB00052AA5 /* Debug */ = {
			isa = XCBuildConfiguration;
			baseConfigurationReference = 55FA2FDC7F83D0417C9D232F /* Pods-AnalytiCeM.debug.xcconfig */;
			buildSettings = {
				ASSETCATALOG_COMPILER_APPICON_NAME = AppIcon;
				CLANG_ENABLE_MODULES = YES;
				DEVELOPMENT_TEAM = 6PRG74AB66;
				ENABLE_BITCODE = NO;
				FRAMEWORK_SEARCH_PATHS = (
					"$(inherited)",
					"$(PROJECT_DIR)/AnalytiCeM/Frameworks",
				);
				INFOPLIST_FILE = AnalytiCeM/Info.plist;
				LD_RUNPATH_SEARCH_PATHS = "$(inherited) @executable_path/Frameworks";
				PRODUCT_BUNDLE_IDENTIFIER = "fr.polytech-marseille.AnalytiCeM";
				PRODUCT_NAME = "$(TARGET_NAME)";
				SWIFT_OBJC_BRIDGING_HEADER = "AnalytiCeM/AnalytiCeM-Bridging-Header.h";
				SWIFT_OPTIMIZATION_LEVEL = "-Onone";
				SWIFT_VERSION = 3.0;
			};
			name = Debug;
		};
		9374B31E1E9D80DB00052AA5 /* Release */ = {
			isa = XCBuildConfiguration;
			baseConfigurationReference = 207AB5D81A51F8A11F7C08F4 /* Pods-AnalytiCeM.release.xcconfig */;
			buildSettings = {
				ASSETCATALOG_COMPILER_APPICON_NAME = AppIcon;
				CLANG_ENABLE_MODULES = YES;
				DEVELOPMENT_TEAM = 6PRG74AB66;
				ENABLE_BITCODE = NO;
				FRAMEWORK_SEARCH_PATHS = (
					"$(inherited)",
					"$(PROJECT_DIR)/AnalytiCeM/Frameworks",
				);
				INFOPLIST_FILE = AnalytiCeM/Info.plist;
				LD_RUNPATH_SEARCH_PATHS = "$(inherited) @executable_path/Frameworks";
				PRODUCT_BUNDLE_IDENTIFIER = "fr.polytech-marseille.AnalytiCeM";
				PRODUCT_NAME = "$(TARGET_NAME)";
				SWIFT_OBJC_BRIDGING_HEADER = "AnalytiCeM/AnalytiCeM-Bridging-Header.h";
				SWIFT_VERSION = 3.0;
			};
			name = Release;
		};
/* End XCBuildConfiguration section */

/* Begin XCConfigurationList section */
		9374B3051E9D80DB00052AA5 /* Build configuration list for PBXProject "AnalytiCeM" */ = {
			isa = XCConfigurationList;
			buildConfigurations = (
				9374B31A1E9D80DB00052AA5 /* Debug */,
				9374B31B1E9D80DB00052AA5 /* Release */,
			);
			defaultConfigurationIsVisible = 0;
			defaultConfigurationName = Release;
		};
		9374B31C1E9D80DB00052AA5 /* Build configuration list for PBXNativeTarget "AnalytiCeM" */ = {
			isa = XCConfigurationList;
			buildConfigurations = (
				9374B31D1E9D80DB00052AA5 /* Debug */,
				9374B31E1E9D80DB00052AA5 /* Release */,
			);
			defaultConfigurationIsVisible = 0;
			defaultConfigurationName = Release;
		};
/* End XCConfigurationList section */
	};
	rootObject = 9374B3021E9D80DB00052AA5 /* Project object */;
}
